
Microsoft Visual Studio Solution File, Format Version 12.00
# Visual Studio Version 17
VisualStudioVersion = 17.0.31903.59
MinimumVisualStudioVersion = 10.0.40219.1
Project("{2150E333-8FDC-42A3-9474-1A3956D46DE8}") = "tests", "tests", "{0AB3BF05-4346-4AA6-1389-037BE0695223}"
EndProject
Project("{FAE04EC0-301F-11D3-BF4B-00C04F79EFBC}") = "Skopka.Chat.Server.Tests", "tests\Skopka.Chat.Server.Tests\Skopka.Chat.Server.Tests.csproj", "{86A7481D-0C86-46F8-8665-F01F0DDD1406}"
EndProject
Project("{FAE04EC0-301F-11D3-BF4B-00C04F79EFBC}") = "Skopka.Chat.Protocol.Tests", "tests\Skopka.Chat.Protocol.Tests\Skopka.Chat.Protocol.Tests.csproj", "{5E1A19EA-DABF-4E4F-B5D6-8385296B4ABE}"
EndProject
Project("{FAE04EC0-301F-11D3-BF4B-00C04F79EFBC}") = "Skopka.Chat.Persistence.PostgreSql.Tests", "tests\Skopka.Chat.Persistence.PostgreSql.Tests\Skopka.Chat.Persistence.PostgreSql.Tests.csproj", "{053F5973-B2F8-4F6C-A8C4-6357FD2CD92A}"
EndProject
Project("{FAE04EC0-301F-11D3-BF4B-00C04F79EFBC}") = "Skopka.Chat.IntegrationTests", "tests\Skopka.Chat.IntegrationTests\Skopka.Chat.IntegrationTests.csproj", "{3A4CBE28-DA12-4C84-82FD-12F33553DA86}"
EndProject
Project("{FAE04EC0-301F-11D3-BF4B-00C04F79EFBC}") = "Skopka.Chat.Client.Tests", "tests\Skopka.Chat.Client.Tests\Skopka.Chat.Client.Tests.csproj", "{6736D802-EBAE-4468-90ED-0A05DD3BFF7B}"
EndProject
Project("{2150E333-8FDC-42A3-9474-1A3956D46DE8}") = "src", "src", "{827E0CD3-B72D-47B6-A68D-7590B98EB39B}"
EndProject
Project("{FAE04EC0-301F-11D3-BF4B-00C04F79EFBC}") = "Skopka.Chat.Server", "src\Skopka.Chat.Server\Skopka.Chat.Server.csproj", "{2674CB3F-3E0C-4C2F-840B-DCE487CB19F9}"
EndProject
Project("{FAE04EC0-301F-11D3-BF4B-00C04F79EFBC}") = "Skopka.Chat.Protocol", "src\Skopka.Chat.Protocol\Skopka.Chat.Protocol.csproj", "{18BF94EC-A42E-4461-A4D9-E0DB76A9BB34}"
EndProject
Project("{FAE04EC0-301F-11D3-BF4B-00C04F79EFBC}") = "Skopka.Chat.Persistence.PostgreSql", "src\Skopka.Chat.Persistence.PostgreSql\Skopka.Chat.Persistence.PostgreSql.csproj", "{572C4057-FEF9-4DD4-9854-0573567F930E}"
EndProject
Project("{FAE04EC0-301F-11D3-BF4B-00C04F79EFBC}") = "Skopka.Chat.Client", "src\Skopka.Chat.Client\Skopka.Chat.Client.csproj", "{A23150D1-A42C-479E-9EE7-DA7560F6DD6C}"
EndProject
Project("{2150E333-8FDC-42A3-9474-1A3956D46DE8}") = "samples", "samples", "{5D20AA90-6969-D8BD-9DCD-8634F4692FDA}"
EndProject
Project("{FAE04EC0-301F-11D3-BF4B-00C04F79EFBC}") = "Skopka.Chat.Sample", "samples\Skopka.Chat.Sample\Skopka.Chat.Sample.csproj", "{D0AED0FA-4D74-4B0F-83F2-9E25813E3906}"
EndProject
Project("{FAE04EC0-301F-11D3-BF4B-00C04F79EFBC}") = "Skopka.Chat.Server.AspNetCore", "src\Skopka.Chat.Server.AspNetCore\Skopka.Chat.Server.AspNetCore.csproj", "{1A3A9105-8080-43F9-A4E7-2E5DB38E64DD}"
EndProject
Project("{FAE04EC0-301F-11D3-BF4B-00C04F79EFBC}") = "Skopka.Chat.Server.AspNetCore.Tests", "tests\Skopka.Chat.Server.AspNetCore.Tests\Skopka.Chat.Server.AspNetCore.Tests.csproj", "{59547610-F5B5-48B7-ACD2-4335A338426C}"
EndProject
Project("{FAE04EC0-301F-11D3-BF4B-00C04F79EFBC}") = "Skopka.Chat.Transport.Http", "src\Skopka.Chat.Transport.Http\Skopka.Chat.Transport.Http.csproj", "{1FC1918C-0B88-4935-8609-EF2D5D49306D}"
EndProject
Project("{FAE04EC0-301F-11D3-BF4B-00C04F79EFBC}") = "Skopka.Chat.Client.Http", "src\Skopka.Chat.Client.Http\Skopka.Chat.Client.Http.csproj", "{525329E8-35A3-43CC-BB61-4D882134C515}"
EndProject
Project("{FAE04EC0-301F-11D3-BF4B-00C04F79EFBC}") = "Skopka.Chat.Client.Http.Tests", "tests\Skopka.Chat.Client.Http.Tests\Skopka.Chat.Client.Http.Tests.csproj", "{E0EDA366-D5BE-44D3-9F0A-550F9B40EB64}"
EndProject
Project("{FAE04EC0-301F-11D3-BF4B-00C04F79EFBC}") = "Skopka.Chat.Http.IntegrationTests", "tests\Skopka.Chat.Http.IntegrationTests\Skopka.Chat.Http.IntegrationTests.csproj", "{4BE07A1A-2222-4F23-9352-F06435C64275}"
EndProject
Global
	GlobalSection(SolutionConfigurationPlatforms) = preSolution
		Debug|Any CPU = Debug|Any CPU
		Debug|x64 = Debug|x64
		Debug|x86 = Debug|x86
		Release|Any CPU = Release|Any CPU
		Release|x64 = Release|x64
		Release|x86 = Release|x86
	EndGlobalSection
	GlobalSection(ProjectConfigurationPlatforms) = postSolution
		{86A7481D-0C86-46F8-8665-F01F0DDD1406}.Debug|Any CPU.ActiveCfg = Debug|Any CPU
		{86A7481D-0C86-46F8-8665-F01F0DDD1406}.Debug|Any CPU.Build.0 = Debug|Any CPU
		{86A7481D-0C86-46F8-8665-F01F0DDD1406}.Debug|x64.ActiveCfg = Debug|Any CPU
		{86A7481D-0C86-46F8-8665-F01F0DDD1406}.Debug|x64.Build.0 = Debug|Any CPU
		{86A7481D-0C86-46F8-8665-F01F0DDD1406}.Debug|x86.ActiveCfg = Debug|Any CPU
		{86A7481D-0C86-46F8-8665-F01F0DDD1406}.Debug|x86.Build.0 = Debug|Any CPU
		{86A7481D-0C86-46F8-8665-F01F0DDD1406}.Release|Any CPU.ActiveCfg = Release|Any CPU
		{86A7481D-0C86-46F8-8665-F01F0DDD1406}.Release|Any CPU.Build.0 = Release|Any CPU
		{86A7481D-0C86-46F8-8665-F01F0DDD1406}.Release|x64.ActiveCfg = Release|Any CPU
		{86A7481D-0C86-46F8-8665-F01F0DDD1406}.Release|x64.Build.0 = Release|Any CPU
		{86A7481D-0C86-46F8-8665-F01F0DDD1406}.Release|x86.ActiveCfg = Release|Any CPU
		{86A7481D-0C86-46F8-8665-F01F0DDD1406}.Release|x86.Build.0 = Release|Any CPU
		{5E1A19EA-DABF-4E4F-B5D6-8385296B4ABE}.Debug|Any CPU.ActiveCfg = Debug|Any CPU
		{5E1A19EA-DABF-4E4F-B5D6-8385296B4ABE}.Debug|Any CPU.Build.0 = Debug|Any CPU
		{5E1A19EA-DABF-4E4F-B5D6-8385296B4ABE}.Debug|x64.ActiveCfg = Debug|Any CPU
		{5E1A19EA-DABF-4E4F-B5D6-8385296B4ABE}.Debug|x64.Build.0 = Debug|Any CPU
		{5E1A19EA-DABF-4E4F-B5D6-8385296B4ABE}.Debug|x86.ActiveCfg = Debug|Any CPU
		{5E1A19EA-DABF-4E4F-B5D6-8385296B4ABE}.Debug|x86.Build.0 = Debug|Any CPU
		{5E1A19EA-DABF-4E4F-B5D6-8385296B4ABE}.Release|Any CPU.ActiveCfg = Release|Any CPU
		{5E1A19EA-DABF-4E4F-B5D6-8385296B4ABE}.Release|Any CPU.Build.0 = Release|Any CPU
		{5E1A19EA-DABF-4E4F-B5D6-8385296B4ABE}.Release|x64.ActiveCfg = Release|Any CPU
		{5E1A19EA-DABF-4E4F-B5D6-8385296B4ABE}.Release|x64.Build.0 = Release|Any CPU
		{5E1A19EA-DABF-4E4F-B5D6-8385296B4ABE}.Release|x86.ActiveCfg = Release|Any CPU
		{5E1A19EA-DABF-4E4F-B5D6-8385296B4ABE}.Release|x86.Build.0 = Release|Any CPU
		{053F5973-B2F8-4F6C-A8C4-6357FD2CD92A}.Debug|Any CPU.ActiveCfg = Debug|Any CPU
		{053F5973-B2F8-4F6C-A8C4-6357FD2CD92A}.Debug|Any CPU.Build.0 = Debug|Any CPU
		{053F5973-B2F8-4F6C-A8C4-6357FD2CD92A}.Debug|x64.ActiveCfg = Debug|Any CPU
		{053F5973-B2F8-4F6C-A8C4-6357FD2CD92A}.Debug|x64.Build.0 = Debug|Any CPU
		{053F5973-B2F8-4F6C-A8C4-6357FD2CD92A}.Debug|x86.ActiveCfg = Debug|Any CPU
		{053F5973-B2F8-4F6C-A8C4-6357FD2CD92A}.Debug|x86.Build.0 = Debug|Any CPU
		{053F5973-B2F8-4F6C-A8C4-6357FD2CD92A}.Release|Any CPU.ActiveCfg = Release|Any CPU
		{053F5973-B2F8-4F6C-A8C4-6357FD2CD92A}.Release|Any CPU.Build.0 = Release|Any CPU
		{053F5973-B2F8-4F6C-A8C4-6357FD2CD92A}.Release|x64.ActiveCfg = Release|Any CPU
		{053F5973-B2F8-4F6C-A8C4-6357FD2CD92A}.Release|x64.Build.0 = Release|Any CPU
		{053F5973-B2F8-4F6C-A8C4-6357FD2CD92A}.Release|x86.ActiveCfg = Release|Any CPU
		{053F5973-B2F8-4F6C-A8C4-6357FD2CD92A}.Release|x86.Build.0 = Release|Any CPU
		{3A4CBE28-DA12-4C84-82FD-12F33553DA86}.Debug|Any CPU.ActiveCfg = Debug|Any CPU
		{3A4CBE28-DA12-4C84-82FD-12F33553DA86}.Debug|Any CPU.Build.0 = Debug|Any CPU
		{3A4CBE28-DA12-4C84-82FD-12F33553DA86}.Debug|x64.ActiveCfg = Debug|Any CPU
		{3A4CBE28-DA12-4C84-82FD-12F33553DA86}.Debug|x64.Build.0 = Debug|Any CPU
		{3A4CBE28-DA12-4C84-82FD-12F33553DA86}.Debug|x86.ActiveCfg = Debug|Any CPU
		{3A4CBE28-DA12-4C84-82FD-12F33553DA86}.Debug|x86.Build.0 = Debug|Any CPU
		{3A4CBE28-DA12-4C84-82FD-12F33553DA86}.Release|Any CPU.ActiveCfg = Release|Any CPU
		{3A4CBE28-DA12-4C84-82FD-12F33553DA86}.Release|Any CPU.Build.0 = Release|Any CPU
		{3A4CBE28-DA12-4C84-82FD-12F33553DA86}.Release|x64.ActiveCfg = Release|Any CPU
		{3A4CBE28-DA12-4C84-82FD-12F33553DA86}.Release|x64.Build.0 = Release|Any CPU
		{3A4CBE28-DA12-4C84-82FD-12F33553DA86}.Release|x86.ActiveCfg = Release|Any CPU
		{3A4CBE28-DA12-4C84-82FD-12F33553DA86}.Release|x86.Build.0 = Release|Any CPU
		{6736D802-EBAE-4468-90ED-0A05DD3BFF7B}.Debug|Any CPU.ActiveCfg = Debug|Any CPU
		{6736D802-EBAE-4468-90ED-0A05DD3BFF7B}.Debug|Any CPU.Build.0 = Debug|Any CPU
		{6736D802-EBAE-4468-90ED-0A05DD3BFF7B}.Debug|x64.ActiveCfg = Debug|Any CPU
		{6736D802-EBAE-4468-90ED-0A05DD3BFF7B}.Debug|x64.Build.0 = Debug|Any CPU
		{6736D802-EBAE-4468-90ED-0A05DD3BFF7B}.Debug|x86.ActiveCfg = Debug|Any CPU
		{6736D802-EBAE-4468-90ED-0A05DD3BFF7B}.Debug|x86.Build.0 = Debug|Any CPU
		{6736D802-EBAE-4468-90ED-0A05DD3BFF7B}.Release|Any CPU.ActiveCfg = Release|Any CPU
		{6736D802-EBAE-4468-90ED-0A05DD3BFF7B}.Release|Any CPU.Build.0 = Release|Any CPU
		{6736D802-EBAE-4468-90ED-0A05DD3BFF7B}.Release|x64.ActiveCfg = Release|Any CPU
		{6736D802-EBAE-4468-90ED-0A05DD3BFF7B}.Release|x64.Build.0 = Release|Any CPU
		{6736D802-EBAE-4468-90ED-0A05DD3BFF7B}.Release|x86.ActiveCfg = Release|Any CPU
		{6736D802-EBAE-4468-90ED-0A05DD3BFF7B}.Release|x86.Build.0 = Release|Any CPU
		{2674CB3F-3E0C-4C2F-840B-DCE487CB19F9}.Debug|Any CPU.ActiveCfg = Debug|Any CPU
		{2674CB3F-3E0C-4C2F-840B-DCE487CB19F9}.Debug|Any CPU.Build.0 = Debug|Any CPU
		{2674CB3F-3E0C-4C2F-840B-DCE487CB19F9}.Debug|x64.ActiveCfg = Debug|Any CPU
		{2674CB3F-3E0C-4C2F-840B-DCE487CB19F9}.Debug|x64.Build.0 = Debug|Any CPU
		{2674CB3F-3E0C-4C2F-840B-DCE487CB19F9}.Debug|x86.ActiveCfg = Debug|Any CPU
		{2674CB3F-3E0C-4C2F-840B-DCE487CB19F9}.Debug|x86.Build.0 = Debug|Any CPU
		{2674CB3F-3E0C-4C2F-840B-DCE487CB19F9}.Release|Any CPU.ActiveCfg = Release|Any CPU
		{2674CB3F-3E0C-4C2F-840B-DCE487CB19F9}.Release|Any CPU.Build.0 = Release|Any CPU
		{2674CB3F-3E0C-4C2F-840B-DCE487CB19F9}.Release|x64.ActiveCfg = Release|Any CPU
		{2674CB3F-3E0C-4C2F-840B-DCE487CB19F9}.Release|x64.Build.0 = Release|Any CPU
		{2674CB3F-3E0C-4C2F-840B-DCE487CB19F9}.Release|x86.ActiveCfg = Release|Any CPU
		{2674CB3F-3E0C-4C2F-840B-DCE487CB19F9}.Release|x86.Build.0 = Release|Any CPU
		{18BF94EC-A42E-4461-A4D9-E0DB76A9BB34}.Debug|Any CPU.ActiveCfg = Debug|Any CPU
		{18BF94EC-A42E-4461-A4D9-E0DB76A9BB34}.Debug|Any CPU.Build.0 = Debug|Any CPU
		{18BF94EC-A42E-4461-A4D9-E0DB76A9BB34}.Debug|x64.ActiveCfg = Debug|Any CPU
		{18BF94EC-A42E-4461-A4D9-E0DB76A9BB34}.Debug|x64.Build.0 = Debug|Any CPU
		{18BF94EC-A42E-4461-A4D9-E0DB76A9BB34}.Debug|x86.ActiveCfg = Debug|Any CPU
		{18BF94EC-A42E-4461-A4D9-E0DB76A9BB34}.Debug|x86.Build.0 = Debug|Any CPU
		{18BF94EC-A42E-4461-A4D9-E0DB76A9BB34}.Release|Any CPU.ActiveCfg = Release|Any CPU
		{18BF94EC-A42E-4461-A4D9-E0DB76A9BB34}.Release|Any CPU.Build.0 = Release|Any CPU
		{18BF94EC-A42E-4461-A4D9-E0DB76A9BB34}.Release|x64.ActiveCfg = Release|Any CPU
		{18BF94EC-A42E-4461-A4D9-E0DB76A9BB34}.Release|x64.Build.0 = Release|Any CPU
		{18BF94EC-A42E-4461-A4D9-E0DB76A9BB34}.Release|x86.ActiveCfg = Release|Any CPU
		{18BF94EC-A42E-4461-A4D9-E0DB76A9BB34}.Release|x86.Build.0 = Release|Any CPU
		{572C4057-FEF9-4DD4-9854-0573567F930E}.Debug|Any CPU.ActiveCfg = Debug|Any CPU
		{572C4057-FEF9-4DD4-9854-0573567F930E}.Debug|Any CPU.Build.0 = Debug|Any CPU
		{572C4057-FEF9-4DD4-9854-0573567F930E}.Debug|x64.ActiveCfg = Debug|Any CPU
		{572C4057-FEF9-4DD4-9854-0573567F930E}.Debug|x64.Build.0 = Debug|Any CPU
		{572C4057-FEF9-4DD4-9854-0573567F930E}.Debug|x86.ActiveCfg = Debug|Any CPU
		{572C4057-FEF9-4DD4-9854-0573567F930E}.Debug|x86.Build.0 = Debug|Any CPU
		{572C4057-FEF9-4DD4-9854-0573567F930E}.Release|Any CPU.ActiveCfg = Release|Any CPU
		{572C4057-FEF9-4DD4-9854-0573567F930E}.Release|Any CPU.Build.0 = Release|Any CPU
		{572C4057-FEF9-4DD4-9854-0573567F930E}.Release|x64.ActiveCfg = Release|Any CPU
		{572C4057-FEF9-4DD4-9854-0573567F930E}.Release|x64.Build.0 = Release|Any CPU
		{572C4057-FEF9-4DD4-9854-0573567F930E}.Release|x86.ActiveCfg = Release|Any CPU
		{572C4057-FEF9-4DD4-9854-0573567F930E}.Release|x86.Build.0 = Release|Any CPU
		{A23150D1-A42C-479E-9EE7-DA7560F6DD6C}.Debug|Any CPU.ActiveCfg = Debug|Any CPU
		{A23150D1-A42C-479E-9EE7-DA7560F6DD6C}.Debug|Any CPU.Build.0 = Debug|Any CPU
		{A23150D1-A42C-479E-9EE7-DA7560F6DD6C}.Debug|x64.ActiveCfg = Debug|Any CPU
		{A23150D1-A42C-479E-9EE7-DA7560F6DD6C}.Debug|x64.Build.0 = Debug|Any CPU
		{A23150D1-A42C-479E-9EE7-DA7560F6DD6C}.Debug|x86.ActiveCfg = Debug|Any CPU
		{A23150D1-A42C-479E-9EE7-DA7560F6DD6C}.Debug|x86.Build.0 = Debug|Any CPU
		{A23150D1-A42C-479E-9EE7-DA7560F6DD6C}.Release|Any CPU.ActiveCfg = Release|Any CPU
		{A23150D1-A42C-479E-9EE7-DA7560F6DD6C}.Release|Any CPU.Build.0 = Release|Any CPU
		{A23150D1-A42C-479E-9EE7-DA7560F6DD6C}.Release|x64.ActiveCfg = Release|Any CPU
		{A23150D1-A42C-479E-9EE7-DA7560F6DD6C}.Release|x64.Build.0 = Release|Any CPU
		{A23150D1-A42C-479E-9EE7-DA7560F6DD6C}.Release|x86.ActiveCfg = Release|Any CPU
		{A23150D1-A42C-479E-9EE7-DA7560F6DD6C}.Release|x86.Build.0 = Release|Any CPU
		{D0AED0FA-4D74-4B0F-83F2-9E25813E3906}.Debug|Any CPU.ActiveCfg = Debug|Any CPU
		{D0AED0FA-4D74-4B0F-83F2-9E25813E3906}.Debug|Any CPU.Build.0 = Debug|Any CPU
		{D0AED0FA-4D74-4B0F-83F2-9E25813E3906}.Debug|x64.ActiveCfg = Debug|Any CPU
		{D0AED0FA-4D74-4B0F-83F2-9E25813E3906}.Debug|x64.Build.0 = Debug|Any CPU
		{D0AED0FA-4D74-4B0F-83F2-9E25813E3906}.Debug|x86.ActiveCfg = Debug|Any CPU
		{D0AED0FA-4D74-4B0F-83F2-9E25813E3906}.Debug|x86.Build.0 = Debug|Any CPU
		{D0AED0FA-4D74-4B0F-83F2-9E25813E3906}.Release|Any CPU.ActiveCfg = Release|Any CPU
		{D0AED0FA-4D74-4B0F-83F2-9E25813E3906}.Release|Any CPU.Build.0 = Release|Any CPU
		{D0AED0FA-4D74-4B0F-83F2-9E25813E3906}.Release|x64.ActiveCfg = Release|Any CPU
		{D0AED0FA-4D74-4B0F-83F2-9E25813E3906}.Release|x64.Build.0 = Release|Any CPU
		{D0AED0FA-4D74-4B0F-83F2-9E25813E3906}.Release|x86.ActiveCfg = Release|Any CPU
		{D0AED0FA-4D74-4B0F-83F2-9E25813E3906}.Release|x86.Build.0 = Release|Any CPU
		{1A3A9105-8080-43F9-A4E7-2E5DB38E64DD}.Debug|Any CPU.ActiveCfg = Debug|Any CPU
		{1A3A9105-8080-43F9-A4E7-2E5DB38E64DD}.Debug|Any CPU.Build.0 = Debug|Any CPU
		{1A3A9105-8080-43F9-A4E7-2E5DB38E64DD}.Debug|x64.ActiveCfg = Debug|Any CPU
		{1A3A9105-8080-43F9-A4E7-2E5DB38E64DD}.Debug|x64.Build.0 = Debug|Any CPU
		{1A3A9105-8080-43F9-A4E7-2E5DB38E64DD}.Debug|x86.ActiveCfg = Debug|Any CPU
		{1A3A9105-8080-43F9-A4E7-2E5DB38E64DD}.Debug|x86.Build.0 = Debug|Any CPU
		{1A3A9105-8080-43F9-A4E7-2E5DB38E64DD}.Release|Any CPU.ActiveCfg = Release|Any CPU
		{1A3A9105-8080-43F9-A4E7-2E5DB38E64DD}.Release|Any CPU.Build.0 = Release|Any CPU
		{1A3A9105-8080-43F9-A4E7-2E5DB38E64DD}.Release|x64.ActiveCfg = Release|Any CPU
		{1A3A9105-8080-43F9-A4E7-2E5DB38E64DD}.Release|x64.Build.0 = Release|Any CPU
		{1A3A9105-8080-43F9-A4E7-2E5DB38E64DD}.Release|x86.ActiveCfg = Release|Any CPU
		{1A3A9105-8080-43F9-A4E7-2E5DB38E64DD}.Release|x86.Build.0 = Release|Any CPU
		{59547610-F5B5-48B7-ACD2-4335A338426C}.Debug|Any CPU.ActiveCfg = Debug|Any CPU
		{59547610-F5B5-48B7-ACD2-4335A338426C}.Debug|Any CPU.Build.0 = Debug|Any CPU
		{59547610-F5B5-48B7-ACD2-4335A338426C}.Debug|x64.ActiveCfg = Debug|Any CPU
		{59547610-F5B5-48B7-ACD2-4335A338426C}.Debug|x64.Build.0 = Debug|Any CPU
		{59547610-F5B5-48B7-ACD2-4335A338426C}.Debug|x86.ActiveCfg = Debug|Any CPU
		{59547610-F5B5-48B7-ACD2-4335A338426C}.Debug|x86.Build.0 = Debug|Any CPU
		{59547610-F5B5-48B7-ACD2-4335A338426C}.Release|Any CPU.ActiveCfg = Release|Any CPU
		{59547610-F5B5-48B7-ACD2-4335A338426C}.Release|Any CPU.Build.0 = Release|Any CPU
		{59547610-F5B5-48B7-ACD2-4335A338426C}.Release|x64.ActiveCfg = Release|Any CPU
		{59547610-F5B5-48B7-ACD2-4335A338426C}.Release|x64.Build.0 = Release|Any CPU
		{59547610-F5B5-48B7-ACD2-4335A338426C}.Release|x86.ActiveCfg = Release|Any CPU
		{59547610-F5B5-48B7-ACD2-4335A338426C}.Release|x86.Build.0 = Release|Any CPU
		{1FC1918C-0B88-4935-8609-EF2D5D49306D}.Debug|Any CPU.ActiveCfg = Debug|Any CPU
		{1FC1918C-0B88-4935-8609-EF2D5D49306D}.Debug|Any CPU.Build.0 = Debug|Any CPU
		{1FC1918C-0B88-4935-8609-EF2D5D49306D}.Debug|x64.ActiveCfg = Debug|Any CPU
		{1FC1918C-0B88-4935-8609-EF2D5D49306D}.Debug|x64.Build.0 = Debug|Any CPU
		{1FC1918C-0B88-4935-8609-EF2D5D49306D}.Debug|x86.ActiveCfg = Debug|Any CPU
		{1FC1918C-0B88-4935-8609-EF2D5D49306D}.Debug|x86.Build.0 = Debug|Any CPU
		{1FC1918C-0B88-4935-8609-EF2D5D49306D}.Release|Any CPU.ActiveCfg = Release|Any CPU
		{1FC1918C-0B88-4935-8609-EF2D5D49306D}.Release|Any CPU.Build.0 = Release|Any CPU
		{1FC1918C-0B88-4935-8609-EF2D5D49306D}.Release|x64.ActiveCfg = Release|Any CPU
		{1FC1918C-0B88-4935-8609-EF2D5D49306D}.Release|x64.Build.0 = Release|Any CPU
		{1FC1918C-0B88-4935-8609-EF2D5D49306D}.Release|x86.ActiveCfg = Release|Any CPU
		{1FC1918C-0B88-4935-8609-EF2D5D49306D}.Release|x86.Build.0 = Release|Any CPU
		{525329E8-35A3-43CC-BB61-4D882134C515}.Debug|Any CPU.ActiveCfg = Debug|Any CPU
		{525329E8-35A3-43CC-BB61-4D882134C515}.Debug|Any CPU.Build.0 = Debug|Any CPU
		{525329E8-35A3-43CC-BB61-4D882134C515}.Debug|x64.ActiveCfg = Debug|Any CPU
		{525329E8-35A3-43CC-BB61-4D882134C515}.Debug|x64.Build.0 = Debug|Any CPU
		{525329E8-35A3-43CC-BB61-4D882134C515}.Debug|x86.ActiveCfg = Debug|Any CPU
		{525329E8-35A3-43CC-BB61-4D882134C515}.Debug|x86.Build.0 = Debug|Any CPU
		{525329E8-35A3-43CC-BB61-4D882134C515}.Release|Any CPU.ActiveCfg = Release|Any CPU
		{525329E8-35A3-43CC-BB61-4D882134C515}.Release|Any CPU.Build.0 = Release|Any CPU
		{525329E8-35A3-43CC-BB61-4D882134C515}.Release|x64.ActiveCfg = Release|Any CPU
		{525329E8-35A3-43CC-BB61-4D882134C515}.Release|x64.Build.0 = Release|Any CPU
		{525329E8-35A3-43CC-BB61-4D882134C515}.Release|x86.ActiveCfg = Release|Any CPU
		{525329E8-35A3-43CC-BB61-4D882134C515}.Release|x86.Build.0 = Release|Any CPU
		{E0EDA366-D5BE-44D3-9F0A-550F9B40EB64}.Debug|Any CPU.ActiveCfg = Debug|Any CPU
		{E0EDA366-D5BE-44D3-9F0A-550F9B40EB64}.Debug|Any CPU.Build.0 = Debug|Any CPU
		{E0EDA366-D5BE-44D3-9F0A-550F9B40EB64}.Debug|x64.ActiveCfg = Debug|Any CPU
		{E0EDA366-D5BE-44D3-9F0A-550F9B40EB64}.Debug|x64.Build.0 = Debug|Any CPU
		{E0EDA366-D5BE-44D3-9F0A-550F9B40EB64}.Debug|x86.ActiveCfg = Debug|Any CPU
		{E0EDA366-D5BE-44D3-9F0A-550F9B40EB64}.Debug|x86.Build.0 = Debug|Any CPU
		{E0EDA366-D5BE-44D3-9F0A-550F9B40EB64}.Release|Any CPU.ActiveCfg = Release|Any CPU
		{E0EDA366-D5BE-44D3-9F0A-550F9B40EB64}.Release|Any CPU.Build.0 = Release|Any CPU
		{E0EDA366-D5BE-44D3-9F0A-550F9B40EB64}.Release|x64.ActiveCfg = Release|Any CPU
		{E0EDA366-D5BE-44D3-9F0A-550F9B40EB64}.Release|x64.Build.0 = Release|Any CPU
		{E0EDA366-D5BE-44D3-9F0A-550F9B40EB64}.Release|x86.ActiveCfg = Release|Any CPU
		{E0EDA366-D5BE-44D3-9F0A-550F9B40EB64}.Release|x86.Build.0 = Release|Any CPU
		{4BE07A1A-2222-4F23-9352-F06435C64275}.Debug|Any CPU.ActiveCfg = Debug|Any CPU
		{4BE07A1A-2222-4F23-9352-F06435C64275}.Debug|Any CPU.Build.0 = Debug|Any CPU
		{4BE07A1A-2222-4F23-9352-F06435C64275}.Debug|x64.ActiveCfg = Debug|Any CPU
		{4BE07A1A-2222-4F23-9352-F06435C64275}.Debug|x64.Build.0 = Debug|Any CPU
		{4BE07A1A-2222-4F23-9352-F06435C64275}.Debug|x86.ActiveCfg = Debug|Any CPU
		{4BE07A1A-2222-4F23-9352-F06435C64275}.Debug|x86.Build.0 = Debug|Any CPU
		{4BE07A1A-2222-4F23-9352-F06435C64275}.Release|Any CPU.ActiveCfg = Release|Any CPU
		{4BE07A1A-2222-4F23-9352-F06435C64275}.Release|Any CPU.Build.0 = Release|Any CPU
		{4BE07A1A-2222-4F23-9352-F06435C64275}.Release|x64.ActiveCfg = Release|Any CPU
		{4BE07A1A-2222-4F23-9352-F06435C64275}.Release|x64.Build.0 = Release|Any CPU
		{4BE07A1A-2222-4F23-9352-F06435C64275}.Release|x86.ActiveCfg = Release|Any CPU
		{4BE07A1A-2222-4F23-9352-F06435C64275}.Release|x86.Build.0 = Release|Any CPU
	EndGlobalSection
	GlobalSection(SolutionProperties) = preSolution
		HideSolutionNode = FALSE
	EndGlobalSection
	GlobalSection(NestedProjects) = preSolution
		{86A7481D-0C86-46F8-8665-F01F0DDD1406} = {0AB3BF05-4346-4AA6-1389-037BE0695223}
		{5E1A19EA-DABF-4E4F-B5D6-8385296B4ABE} = {0AB3BF05-4346-4AA6-1389-037BE0695223}
		{053F5973-B2F8-4F6C-A8C4-6357FD2CD92A} = {0AB3BF05-4346-4AA6-1389-037BE0695223}
		{3A4CBE28-DA12-4C84-82FD-12F33553DA86} = {0AB3BF05-4346-4AA6-1389-037BE0695223}
		{6736D802-EBAE-4468-90ED-0A05DD3BFF7B} = {0AB3BF05-4346-4AA6-1389-037BE0695223}
		{2674CB3F-3E0C-4C2F-840B-DCE487CB19F9} = {827E0CD3-B72D-47B6-A68D-7590B98EB39B}
		{18BF94EC-A42E-4461-A4D9-E0DB76A9BB34} = {827E0CD3-B72D-47B6-A68D-7590B98EB39B}
		{572C4057-FEF9-4DD4-9854-0573567F930E} = {827E0CD3-B72D-47B6-A68D-7590B98EB39B}
		{A23150D1-A42C-479E-9EE7-DA7560F6DD6C} = {827E0CD3-B72D-47B6-A68D-7590B98EB39B}
		{D0AED0FA-4D74-4B0F-83F2-9E25813E3906} = {5D20AA90-6969-D8BD-9DCD-8634F4692FDA}
		{1A3A9105-8080-43F9-A4E7-2E5DB38E64DD} = {827E0CD3-B72D-47B6-A68D-7590B98EB39B}
		{59547610-F5B5-48B7-ACD2-4335A338426C} = {0AB3BF05-4346-4AA6-1389-037BE0695223}
		{1FC1918C-0B88-4935-8609-EF2D5D49306D} = {827E0CD3-B72D-47B6-A68D-7590B98EB39B}
		{525329E8-35A3-43CC-BB61-4D882134C515} = {827E0CD3-B72D-47B6-A68D-7590B98EB39B}
		{E0EDA366-D5BE-44D3-9F0A-550F9B40EB64} = {0AB3BF05-4346-4AA6-1389-037BE0695223}
		{4BE07A1A-2222-4F23-9352-F06435C64275} = {0AB3BF05-4346-4AA6-1389-037BE0695223}
	EndGlobalSection
EndGlobal
