
Microsoft Visual Studio Solution File, Format Version 12.00
# Visual Studio Version 17
VisualStudioVersion = 17.0.31903.59
MinimumVisualStudioVersion = 10.0.40219.1
Project("{2150E333-8FDC-42A3-9474-1A3956D46DE8}") = "tests", "tests", "{0AB3BF05-4346-4AA6-1389-037BE0695223}"
EndProject
Project("{FAE04EC0-301F-11D3-BF4B-00C04F79EFBC}") = "Skopka.Chat.Server.Tests", "tests\Skopka.Chat.Server.Tests\Skopka.Chat.Server.Tests.csproj", "{86A7481D-0C86-46F8-8665-F01F0DDD1406}"
EndProject
Project("{FAE04EC0-301F-11D3-BF4B-00C04F79EFBC}") = "Skopka.Chat.Protocol.Tests", "tests\Skopka.Chat.Protocol.Tests\Skopka.Chat.Protocol.Tests.csproj", "{5E1A19EA-DABF-4E4F-B5D6-8385296B4ABE}"
EndProject
Project("{FAE04EC0-301F-11D3-BF4B-00C04F79EFBC}") = "Skopka.Chat.Persistence.PostgreSql.Tests", "tests\Skopka.Chat.Persistence.PostgreSql.Tests\Skopka.Chat.Persistence.PostgreSql.Tests.csproj", "{053F5973-B2F8-4F6C-A8C4-6357FD2CD92A}"
EndProject
Project("{FAE04EC0-301F-11D3-BF4B-00C04F79EFBC}") = "Skopka.Chat.IntegrationTests", "tests\Skopka.Chat.IntegrationTests\Skopka.Chat.IntegrationTests.csproj", "{3A4CBE28-DA12-4C84-82FD-12F33553DA86}"
EndProject
Project("{FAE04EC0-301F-11D3-BF4B-00C04F79EFBC}") = "Skopka.Chat.Client.Tests", "tests\Skopka.Chat.Client.Tests\Skopka.Chat.Client.Tests.csproj", "{6736D802-EBAE-4468-90ED-0A05DD3BFF7B}"
EndProject
Project("{2150E333-8FDC-42A3-9474-1A3956D46DE8}") = "src", "src", "{827E0CD3-B72D-47B6-A68D-7590B98EB39B}"
EndProject
Project("{FAE04EC0-301F-11D3-BF4B-00C04F79EFBC}") = "Skopka.Chat.Server", "src\Skopka.Chat.Server\Skopka.Chat.Server.csproj", "{2674CB3F-3E0C-4C2F-840B-DCE487CB19F9}"
EndProject
Project("{FAE04EC0-301F-11D3-BF4B-00C04F79EFBC}") = "Skopka.Chat.Server.Kafka", "src\Skopka.Chat.Server.Kafka\Skopka.Chat.Server.Kafka.csproj", "{A4BCFC01-05E6-49C7-9A2B-59A8B7D70F01}"
EndProject
Project("{FAE04EC0-301F-11D3-BF4B-00C04F79EFBC}") = "Skopka.Chat.Protocol", "src\Skopka.Chat.Protocol\Skopka.Chat.Protocol.csproj", "{18BF94EC-A42E-4461-A4D9-E0DB76A9BB34}"
EndProject
Project("{FAE04EC0-301F-11D3-BF4B-00C04F79EFBC}") = "Skopka.Chat.Persistence.PostgreSql", "src\Skopka.Chat.Persistence.PostgreSql\Skopka.Chat.Persistence.PostgreSql.csproj", "{572C4057-FEF9-4DD4-9854-0573567F930E}"
EndProject
Project("{FAE04EC0-301F-11D3-BF4B-00C04F79EFBC}") = "Skopka.Chat.Client", "src\Skopka.Chat.Client\Skopka.Chat.Client.csproj", "{A23150D1-A42C-479E-9EE7-DA7560F6DD6C}"
EndProject
Project("{2150E333-8FDC-42A3-9474-1A3956D46DE8}") = "samples", "samples", "{5D20AA90-6969-D8BD-9DCD-8634F4692FDA}"
EndProject
Project("{FAE04EC0-301F-11D3-BF4B-00C04F79EFBC}") = "Skopka.Chat.Sample", "samples\Skopka.Chat.Sample\Skopka.Chat.Sample.csproj", "{D0AED0FA-4D74-4B0F-83F2-9E25813E3906}"
EndProject
Project("{FAE04EC0-301F-11D3-BF4B-00C04F79EFBC}") = "Skopka.Chat.Server.AspNetCore", "src\Skopka.Chat.Server.AspNetCore\Skopka.Chat.Server.AspNetCore.csproj", "{1A3A9105-8080-43F9-A4E7-2E5DB38E64DD}"
EndProject
Project("{FAE04EC0-301F-11D3-BF4B-00C04F79EFBC}") = "Skopka.Chat.Server.AspNetCore.Tests", "tests\Skopka.Chat.Server.AspNetCore.Tests\Skopka.Chat.Server.AspNetCore.Tests.csproj", "{59547610-F5B5-48B7-ACD2-4335A338426C}"
EndProject
Project("{FAE04EC0-301F-11D3-BF4B-00C04F79EFBC}") = "Skopka.Chat.Transport.Http", "src\Skopka.Chat.Transport.Http\Skopka.Chat.Transport.Http.csproj", "{1FC1918C-0B88-4935-8609-EF2D5D49306D}"
EndProject
Project("{FAE04EC0-301F-11D3-BF4B-00C04F79EFBC}") = "Skopka.Chat.Client.Http", "src\Skopka.Chat.Client.Http\Skopka.Chat.Client.Http.csproj", "{525329E8-35A3-43CC-BB61-4D882134C515}"
EndProject
Project("{FAE04EC0-301F-11D3-BF4B-00C04F79EFBC}") = "Skopka.Chat.Client.Http.Tests", "tests\Skopka.Chat.Client.Http.Tests\Skopka.Chat.Client.Http.Tests.csproj", "{E0EDA366-D5BE-44D3-9F0A-550F9B40EB64}"
EndProject
Project("{FAE04EC0-301F-11D3-BF4B-00C04F79EFBC}") = "Skopka.Chat.Http.IntegrationTests", "tests\Skopka.Chat.Http.IntegrationTests\Skopka.Chat.Http.IntegrationTests.csproj", "{4BE07A1A-2222-4F23-9352-F06435C64275}"
EndProject
Project("{FAE04EC0-301F-11D3-BF4B-00C04F79EFBC}") = "Skopka.Chat.FuzzTests", "tests\Skopka.Chat.FuzzTests\Skopka.Chat.FuzzTests.csproj", "{A96E2BE2-73C7-403F-9AE9-F296C3E79840}"
EndProject
Project("{FAE04EC0-301F-11D3-BF4B-00C04F79EFBC}") = "Skopka.Chat.UI.Core", "src\Skopka.Chat.UI.Core\Skopka.Chat.UI.Core.csproj", "{B1A45ED2-6464-4B0D-9A55-6C7603228393}"
EndProject
Project("{FAE04EC0-301F-11D3-BF4B-00C04F79EFBC}") = "Skopka.Chat.UI.Blazor", "src\Skopka.Chat.UI.Blazor\Skopka.Chat.UI.Blazor.csproj", "{1D62A8C8-4E58-4C93-AB77-71E74BCFB5F2}"
EndProject
Project("{FAE04EC0-301F-11D3-BF4B-00C04F79EFBC}") = "Skopka.Chat.UI.Core.Tests", "tests\Skopka.Chat.UI.Core.Tests\Skopka.Chat.UI.Core.Tests.csproj", "{A0C528BF-7852-4FD6-AE99-81496317A78D}"
EndProject
Project("{FAE04EC0-301F-11D3-BF4B-00C04F79EFBC}") = "Skopka.Chat.UI.Blazor.Tests", "tests\Skopka.Chat.UI.Blazor.Tests\Skopka.Chat.UI.Blazor.Tests.csproj", "{18FBB523-44A9-43E6-879B-1DC3D79F844D}"
EndProject
Project("{FAE04EC0-301F-11D3-BF4B-00C04F79EFBC}") = "Skopka.Chat.Attachments", "src\Skopka.Chat.Attachments\Skopka.Chat.Attachments.csproj", "{90A11201-76C2-4B39-91A1-000000000001}"
EndProject
Project("{FAE04EC0-301F-11D3-BF4B-00C04F79EFBC}") = "Skopka.Chat.Attachments.PostgreSql", "src\Skopka.Chat.Attachments.PostgreSql\Skopka.Chat.Attachments.PostgreSql.csproj", "{90A21302-76C2-4B39-91A1-000000000002}"
EndProject
Project("{FAE04EC0-301F-11D3-BF4B-00C04F79EFBC}") = "Skopka.Chat.Attachments.S3", "src\Skopka.Chat.Attachments.S3\Skopka.Chat.Attachments.S3.csproj", "{90A31403-76C2-4B39-91A1-000000000003}"
EndProject
Project("{FAE04EC0-301F-11D3-BF4B-00C04F79EFBC}") = "Skopka.Chat.Attachments.Tests", "tests\Skopka.Chat.Attachments.Tests\Skopka.Chat.Attachments.Tests.csproj", "{90A41504-76C2-4B39-91A1-000000000004}"
EndProject
Project("{FAE04EC0-301F-11D3-BF4B-00C04F79EFBC}") = "Skopka.Chat.Media", "src\Skopka.Chat.Media\Skopka.Chat.Media.csproj", "{90A51605-76C2-4B39-91A1-000000000005}"
EndProject
Project("{FAE04EC0-301F-11D3-BF4B-00C04F79EFBC}") = "Skopka.Chat.Media.FFmpeg", "src\Skopka.Chat.Media.FFmpeg\Skopka.Chat.Media.FFmpeg.csproj", "{90A61706-76C2-4B39-91A1-000000000006}"
EndProject
Project("{FAE04EC0-301F-11D3-BF4B-00C04F79EFBC}") = "Skopka.Chat.Media.Tests", "tests\Skopka.Chat.Media.Tests\Skopka.Chat.Media.Tests.csproj", "{90A71807-76C2-4B39-91A1-000000000007}"
EndProject
Project("{FAE04EC0-301F-11D3-BF4B-00C04F79EFBC}") = "Skopka.Chat.Client.Storage", "src\Skopka.Chat.Client.Storage\Skopka.Chat.Client.Storage.csproj", "{90A81908-76C2-4B39-91A1-000000000008}"
EndProject
Project("{FAE04EC0-301F-11D3-BF4B-00C04F79EFBC}") = "Skopka.Chat.Client.Storage.Sqlite", "src\Skopka.Chat.Client.Storage.Sqlite\Skopka.Chat.Client.Storage.Sqlite.csproj", "{90A92009-76C2-4B39-91A1-000000000009}"
EndProject
Project("{FAE04EC0-301F-11D3-BF4B-00C04F79EFBC}") = "Skopka.Chat.Client.Storage.Tests", "tests\Skopka.Chat.Client.Storage.Tests\Skopka.Chat.Client.Storage.Tests.csproj", "{90AB210A-76C2-4B39-91A1-000000000010}"
EndProject
Project("{FAE04EC0-301F-11D3-BF4B-00C04F79EFBC}") = "Skopka.Chat.Testing", "tests\Skopka.Chat.Testing\Skopka.Chat.Testing.csproj", "{90AC220B-76C2-4B39-91A1-000000000011}"
EndProject
Project("{FAE04EC0-301F-11D3-BF4B-00C04F79EFBC}") = "Skopka.Chat.Client.Maui", "src\Skopka.Chat.Client.Maui\Skopka.Chat.Client.Maui.csproj", "{90AD230C-76C2-4B39-91A1-000000000012}"
EndProject
Project("{FAE04EC0-301F-11D3-BF4B-00C04F79EFBC}") = "Skopka.Chat.UI.Maui", "src\Skopka.Chat.UI.Maui\Skopka.Chat.UI.Maui.csproj", "{90AE240D-76C2-4B39-91A1-000000000013}"
EndProject
Project("{FAE04EC0-301F-11D3-BF4B-00C04F79EFBC}") = "Skopka.Chat.Client.Maui.Tests", "tests\Skopka.Chat.Client.Maui.Tests\Skopka.Chat.Client.Maui.Tests.csproj", "{90AF250E-76C2-4B39-91A1-000000000014}"
EndProject
Project("{FAE04EC0-301F-11D3-BF4B-00C04F79EFBC}") = "Skopka.Chat.UI.Maui.Tests", "tests\Skopka.Chat.UI.Maui.Tests\Skopka.Chat.UI.Maui.Tests.csproj", "{90B0260F-76C2-4B39-91A1-000000000015}"
EndProject
Project("{FAE04EC0-301F-11D3-BF4B-00C04F79EFBC}") = "Skopka.Chat.Maui.Sample", "samples\Skopka.Chat.Maui.Sample\Skopka.Chat.Maui.Sample.csproj", "{90B12710-76C2-4B39-91A1-000000000016}"
EndProject
Project("{FAE04EC0-301F-11D3-BF4B-00C04F79EFBC}") = "Skopka.Chat.Server.NSec", "src\Skopka.Chat.Server.NSec\Skopka.Chat.Server.NSec.csproj", "{63CC6246-4CB4-488B-BA93-1634FE1B98FD}"
EndProject
Project("{FAE04EC0-301F-11D3-BF4B-00C04F79EFBC}") = "Skopka.Chat.Binding.Tests", "tests\Skopka.Chat.Binding.Tests\Skopka.Chat.Binding.Tests.csproj", "{A65E6443-84EF-4D0E-8AD3-045C645DEC3E}"
EndProject
Project("{FAE04EC0-301F-11D3-BF4B-00C04F79EFBC}") = "Skopka.Chat.Bots", "src\Skopka.Chat.Bots\Skopka.Chat.Bots.csproj", "{A9F879AC-8369-4CF8-988F-867E49874F06}"
EndProject
Project("{FAE04EC0-301F-11D3-BF4B-00C04F79EFBC}") = "Skopka.Chat.Bots.Sqlite", "src\Skopka.Chat.Bots.Sqlite\Skopka.Chat.Bots.Sqlite.csproj", "{D1EA9EFA-142A-4CC0-A604-49335BB8F1F8}"
EndProject
Project("{FAE04EC0-301F-11D3-BF4B-00C04F79EFBC}") = "Skopka.Chat.Bots.AspNetCore", "src\Skopka.Chat.Bots.AspNetCore\Skopka.Chat.Bots.AspNetCore.csproj", "{5D78214F-2949-4703-846D-A051849319E7}"
EndProject
Project("{FAE04EC0-301F-11D3-BF4B-00C04F79EFBC}") = "Skopka.Chat.Bots.Tests", "tests\Skopka.Chat.Bots.Tests\Skopka.Chat.Bots.Tests.csproj", "{336C3699-24E6-4A4C-8DC7-AEE1C3732119}"
EndProject
Project("{FAE04EC0-301F-11D3-BF4B-00C04F79EFBC}") = "Skopka.Chat.BotGateway", "samples\Skopka.Chat.BotGateway\Skopka.Chat.BotGateway.csproj", "{753F693E-8473-4B86-971E-BCBD2990652B}"
EndProject
Project("{FAE04EC0-301F-11D3-BF4B-00C04F79EFBC}") = "Skopka.Chat.Client.Browser", "src\Skopka.Chat.Client.Browser\Skopka.Chat.Client.Browser.csproj", "{B46A0AC1-8FF4-4100-8E39-21FCDE989C72}"
EndProject
Project("{FAE04EC0-301F-11D3-BF4B-00C04F79EFBC}") = "Skopka.Chat.Browser.Sample", "samples\Skopka.Chat.Browser.Sample\Skopka.Chat.Browser.Sample.csproj", "{9DA4C1B7-3948-49DC-8E7C-DC25F8BD8C8B}"
EndProject
Project("{FAE04EC0-301F-11D3-BF4B-00C04F79EFBC}") = "Skopka.Chat.Browser.Host", "samples\Skopka.Chat.Browser.Host\Skopka.Chat.Browser.Host.csproj", "{E157EFD0-F21F-4CAE-84C7-EEC19FFB0AFB}"
EndProject
Project("{FAE04EC0-301F-11D3-BF4B-00C04F79EFBC}") = "Skopka.Chat.Browser.Tests", "tests\Skopka.Chat.Browser.Tests\Skopka.Chat.Browser.Tests.csproj", "{8CA51287-E292-4A2E-9B22-8D10550E433F}"
EndProject
Project("{FAE04EC0-301F-11D3-BF4B-00C04F79EFBC}") = "Skopka.Chat.Browser.Fixtures", "tests\Skopka.Chat.Browser.Fixtures\Skopka.Chat.Browser.Fixtures.csproj", "{CC536EB7-BAFD-4CFC-A754-2D1E231C92EE}"
EndProject
Global
	GlobalSection(SolutionConfigurationPlatforms) = preSolution
		Debug|Any CPU = Debug|Any CPU
		Debug|x64 = Debug|x64
		Debug|x86 = Debug|x86
		Release|Any CPU = Release|Any CPU
		Release|x64 = Release|x64
		Release|x86 = Release|x86
	EndGlobalSection
	GlobalSection(ProjectConfigurationPlatforms) = postSolution
		{86A7481D-0C86-46F8-8665-F01F0DDD1406}.Debug|Any CPU.ActiveCfg = Debug|Any CPU
		{86A7481D-0C86-46F8-8665-F01F0DDD1406}.Debug|Any CPU.Build.0 = Debug|Any CPU
		{86A7481D-0C86-46F8-8665-F01F0DDD1406}.Debug|x64.ActiveCfg = Debug|Any CPU
		{86A7481D-0C86-46F8-8665-F01F0DDD1406}.Debug|x64.Build.0 = Debug|Any CPU
		{86A7481D-0C86-46F8-8665-F01F0DDD1406}.Debug|x86.ActiveCfg = Debug|Any CPU
		{86A7481D-0C86-46F8-8665-F01F0DDD1406}.Debug|x86.Build.0 = Debug|Any CPU
		{86A7481D-0C86-46F8-8665-F01F0DDD1406}.Release|Any CPU.ActiveCfg = Release|Any CPU
		{86A7481D-0C86-46F8-8665-F01F0DDD1406}.Release|Any CPU.Build.0 = Release|Any CPU
		{86A7481D-0C86-46F8-8665-F01F0DDD1406}.Release|x64.ActiveCfg = Release|Any CPU
		{86A7481D-0C86-46F8-8665-F01F0DDD1406}.Release|x64.Build.0 = Release|Any CPU
		{86A7481D-0C86-46F8-8665-F01F0DDD1406}.Release|x86.ActiveCfg = Release|Any CPU
		{86A7481D-0C86-46F8-8665-F01F0DDD1406}.Release|x86.Build.0 = Release|Any CPU
		{5E1A19EA-DABF-4E4F-B5D6-8385296B4ABE}.Debug|Any CPU.ActiveCfg = Debug|Any CPU
		{5E1A19EA-DABF-4E4F-B5D6-8385296B4ABE}.Debug|Any CPU.Build.0 = Debug|Any CPU
		{5E1A19EA-DABF-4E4F-B5D6-8385296B4ABE}.Debug|x64.ActiveCfg = Debug|Any CPU
		{5E1A19EA-DABF-4E4F-B5D6-8385296B4ABE}.Debug|x64.Build.0 = Debug|Any CPU
		{5E1A19EA-DABF-4E4F-B5D6-8385296B4ABE}.Debug|x86.ActiveCfg = Debug|Any CPU
		{5E1A19EA-DABF-4E4F-B5D6-8385296B4ABE}.Debug|x86.Build.0 = Debug|Any CPU
		{5E1A19EA-DABF-4E4F-B5D6-8385296B4ABE}.Release|Any CPU.ActiveCfg = Release|Any CPU
		{5E1A19EA-DABF-4E4F-B5D6-8385296B4ABE}.Release|Any CPU.Build.0 = Release|Any CPU
		{5E1A19EA-DABF-4E4F-B5D6-8385296B4ABE}.Release|x64.ActiveCfg = Release|Any CPU
		{5E1A19EA-DABF-4E4F-B5D6-8385296B4ABE}.Release|x64.Build.0 = Release|Any CPU
		{5E1A19EA-DABF-4E4F-B5D6-8385296B4ABE}.Release|x86.ActiveCfg = Release|Any CPU
		{5E1A19EA-DABF-4E4F-B5D6-8385296B4ABE}.Release|x86.Build.0 = Release|Any CPU
		{053F5973-B2F8-4F6C-A8C4-6357FD2CD92A}.Debug|Any CPU.ActiveCfg = Debug|Any CPU
		{053F5973-B2F8-4F6C-A8C4-6357FD2CD92A}.Debug|Any CPU.Build.0 = Debug|Any CPU
		{053F5973-B2F8-4F6C-A8C4-6357FD2CD92A}.Debug|x64.ActiveCfg = Debug|Any CPU
		{053F5973-B2F8-4F6C-A8C4-6357FD2CD92A}.Debug|x64.Build.0 = Debug|Any CPU
		{053F5973-B2F8-4F6C-A8C4-6357FD2CD92A}.Debug|x86.ActiveCfg = Debug|Any CPU
		{053F5973-B2F8-4F6C-A8C4-6357FD2CD92A}.Debug|x86.Build.0 = Debug|Any CPU
		{053F5973-B2F8-4F6C-A8C4-6357FD2CD92A}.Release|Any CPU.ActiveCfg = Release|Any CPU
		{053F5973-B2F8-4F6C-A8C4-6357FD2CD92A}.Release|Any CPU.Build.0 = Release|Any CPU
		{053F5973-B2F8-4F6C-A8C4-6357FD2CD92A}.Release|x64.ActiveCfg = Release|Any CPU
		{053F5973-B2F8-4F6C-A8C4-6357FD2CD92A}.Release|x64.Build.0 = Release|Any CPU
		{053F5973-B2F8-4F6C-A8C4-6357FD2CD92A}.Release|x86.ActiveCfg = Release|Any CPU
		{053F5973-B2F8-4F6C-A8C4-6357FD2CD92A}.Release|x86.Build.0 = Release|Any CPU
		{3A4CBE28-DA12-4C84-82FD-12F33553DA86}.Debug|Any CPU.ActiveCfg = Debug|Any CPU
		{3A4CBE28-DA12-4C84-82FD-12F33553DA86}.Debug|Any CPU.Build.0 = Debug|Any CPU
		{3A4CBE28-DA12-4C84-82FD-12F33553DA86}.Debug|x64.ActiveCfg = Debug|Any CPU
		{3A4CBE28-DA12-4C84-82FD-12F33553DA86}.Debug|x64.Build.0 = Debug|Any CPU
		{3A4CBE28-DA12-4C84-82FD-12F33553DA86}.Debug|x86.ActiveCfg = Debug|Any CPU
		{3A4CBE28-DA12-4C84-82FD-12F33553DA86}.Debug|x86.Build.0 = Debug|Any CPU
		{3A4CBE28-DA12-4C84-82FD-12F33553DA86}.Release|Any CPU.ActiveCfg = Release|Any CPU
		{3A4CBE28-DA12-4C84-82FD-12F33553DA86}.Release|Any CPU.Build.0 = Release|Any CPU
		{3A4CBE28-DA12-4C84-82FD-12F33553DA86}.Release|x64.ActiveCfg = Release|Any CPU
		{3A4CBE28-DA12-4C84-82FD-12F33553DA86}.Release|x64.Build.0 = Release|Any CPU
		{3A4CBE28-DA12-4C84-82FD-12F33553DA86}.Release|x86.ActiveCfg = Release|Any CPU
		{3A4CBE28-DA12-4C84-82FD-12F33553DA86}.Release|x86.Build.0 = Release|Any CPU
		{6736D802-EBAE-4468-90ED-0A05DD3BFF7B}.Debug|Any CPU.ActiveCfg = Debug|Any CPU
		{6736D802-EBAE-4468-90ED-0A05DD3BFF7B}.Debug|Any CPU.Build.0 = Debug|Any CPU
		{6736D802-EBAE-4468-90ED-0A05DD3BFF7B}.Debug|x64.ActiveCfg = Debug|Any CPU
		{6736D802-EBAE-4468-90ED-0A05DD3BFF7B}.Debug|x64.Build.0 = Debug|Any CPU
		{6736D802-EBAE-4468-90ED-0A05DD3BFF7B}.Debug|x86.ActiveCfg = Debug|Any CPU
		{6736D802-EBAE-4468-90ED-0A05DD3BFF7B}.Debug|x86.Build.0 = Debug|Any CPU
		{6736D802-EBAE-4468-90ED-0A05DD3BFF7B}.Release|Any CPU.ActiveCfg = Release|Any CPU
		{6736D802-EBAE-4468-90ED-0A05DD3BFF7B}.Release|Any CPU.Build.0 = Release|Any CPU
		{6736D802-EBAE-4468-90ED-0A05DD3BFF7B}.Release|x64.ActiveCfg = Release|Any CPU
		{6736D802-EBAE-4468-90ED-0A05DD3BFF7B}.Release|x64.Build.0 = Release|Any CPU
		{6736D802-EBAE-4468-90ED-0A05DD3BFF7B}.Release|x86.ActiveCfg = Release|Any CPU
		{6736D802-EBAE-4468-90ED-0A05DD3BFF7B}.Release|x86.Build.0 = Release|Any CPU
		{2674CB3F-3E0C-4C2F-840B-DCE487CB19F9}.Debug|Any CPU.ActiveCfg = Debug|Any CPU
		{2674CB3F-3E0C-4C2F-840B-DCE487CB19F9}.Debug|Any CPU.Build.0 = Debug|Any CPU
		{2674CB3F-3E0C-4C2F-840B-DCE487CB19F9}.Debug|x64.ActiveCfg = Debug|Any CPU
		{2674CB3F-3E0C-4C2F-840B-DCE487CB19F9}.Debug|x64.Build.0 = Debug|Any CPU
		{2674CB3F-3E0C-4C2F-840B-DCE487CB19F9}.Debug|x86.ActiveCfg = Debug|Any CPU
		{2674CB3F-3E0C-4C2F-840B-DCE487CB19F9}.Debug|x86.Build.0 = Debug|Any CPU
		{2674CB3F-3E0C-4C2F-840B-DCE487CB19F9}.Release|Any CPU.ActiveCfg = Release|Any CPU
		{2674CB3F-3E0C-4C2F-840B-DCE487CB19F9}.Release|Any CPU.Build.0 = Release|Any CPU
		{2674CB3F-3E0C-4C2F-840B-DCE487CB19F9}.Release|x64.ActiveCfg = Release|Any CPU
		{2674CB3F-3E0C-4C2F-840B-DCE487CB19F9}.Release|x64.Build.0 = Release|Any CPU
		{2674CB3F-3E0C-4C2F-840B-DCE487CB19F9}.Release|x86.ActiveCfg = Release|Any CPU
		{2674CB3F-3E0C-4C2F-840B-DCE487CB19F9}.Release|x86.Build.0 = Release|Any CPU
		{A4BCFC01-05E6-49C7-9A2B-59A8B7D70F01}.Debug|Any CPU.ActiveCfg = Debug|Any CPU
		{A4BCFC01-05E6-49C7-9A2B-59A8B7D70F01}.Debug|Any CPU.Build.0 = Debug|Any CPU
		{A4BCFC01-05E6-49C7-9A2B-59A8B7D70F01}.Debug|x64.ActiveCfg = Debug|Any CPU
		{A4BCFC01-05E6-49C7-9A2B-59A8B7D70F01}.Debug|x64.Build.0 = Debug|Any CPU
		{A4BCFC01-05E6-49C7-9A2B-59A8B7D70F01}.Debug|x86.ActiveCfg = Debug|Any CPU
		{A4BCFC01-05E6-49C7-9A2B-59A8B7D70F01}.Debug|x86.Build.0 = Debug|Any CPU
		{A4BCFC01-05E6-49C7-9A2B-59A8B7D70F01}.Release|Any CPU.ActiveCfg = Release|Any CPU
		{A4BCFC01-05E6-49C7-9A2B-59A8B7D70F01}.Release|Any CPU.Build.0 = Release|Any CPU
		{A4BCFC01-05E6-49C7-9A2B-59A8B7D70F01}.Release|x64.ActiveCfg = Release|Any CPU
		{A4BCFC01-05E6-49C7-9A2B-59A8B7D70F01}.Release|x64.Build.0 = Release|Any CPU
		{A4BCFC01-05E6-49C7-9A2B-59A8B7D70F01}.Release|x86.ActiveCfg = Release|Any CPU
		{A4BCFC01-05E6-49C7-9A2B-59A8B7D70F01}.Release|x86.Build.0 = Release|Any CPU
		{18BF94EC-A42E-4461-A4D9-E0DB76A9BB34}.Debug|Any CPU.ActiveCfg = Debug|Any CPU
		{18BF94EC-A42E-4461-A4D9-E0DB76A9BB34}.Debug|Any CPU.Build.0 = Debug|Any CPU
		{18BF94EC-A42E-4461-A4D9-E0DB76A9BB34}.Debug|x64.ActiveCfg = Debug|Any CPU
		{18BF94EC-A42E-4461-A4D9-E0DB76A9BB34}.Debug|x64.Build.0 = Debug|Any CPU
		{18BF94EC-A42E-4461-A4D9-E0DB76A9BB34}.Debug|x86.ActiveCfg = Debug|Any CPU
		{18BF94EC-A42E-4461-A4D9-E0DB76A9BB34}.Debug|x86.Build.0 = Debug|Any CPU
		{18BF94EC-A42E-4461-A4D9-E0DB76A9BB34}.Release|Any CPU.ActiveCfg = Release|Any CPU
		{18BF94EC-A42E-4461-A4D9-E0DB76A9BB34}.Release|Any CPU.Build.0 = Release|Any CPU
		{18BF94EC-A42E-4461-A4D9-E0DB76A9BB34}.Release|x64.ActiveCfg = Release|Any CPU
		{18BF94EC-A42E-4461-A4D9-E0DB76A9BB34}.Release|x64.Build.0 = Release|Any CPU
		{18BF94EC-A42E-4461-A4D9-E0DB76A9BB34}.Release|x86.ActiveCfg = Release|Any CPU
		{18BF94EC-A42E-4461-A4D9-E0DB76A9BB34}.Release|x86.Build.0 = Release|Any CPU
		{572C4057-FEF9-4DD4-9854-0573567F930E}.Debug|Any CPU.ActiveCfg = Debug|Any CPU
		{572C4057-FEF9-4DD4-9854-0573567F930E}.Debug|Any CPU.Build.0 = Debug|Any CPU
		{572C4057-FEF9-4DD4-9854-0573567F930E}.Debug|x64.ActiveCfg = Debug|Any CPU
		{572C4057-FEF9-4DD4-9854-0573567F930E}.Debug|x64.Build.0 = Debug|Any CPU
		{572C4057-FEF9-4DD4-9854-0573567F930E}.Debug|x86.ActiveCfg = Debug|Any CPU
		{572C4057-FEF9-4DD4-9854-0573567F930E}.Debug|x86.Build.0 = Debug|Any CPU
		{572C4057-FEF9-4DD4-9854-0573567F930E}.Release|Any CPU.ActiveCfg = Release|Any CPU
		{572C4057-FEF9-4DD4-9854-0573567F930E}.Release|Any CPU.Build.0 = Release|Any CPU
		{572C4057-FEF9-4DD4-9854-0573567F930E}.Release|x64.ActiveCfg = Release|Any CPU
		{572C4057-FEF9-4DD4-9854-0573567F930E}.Release|x64.Build.0 = Release|Any CPU
		{572C4057-FEF9-4DD4-9854-0573567F930E}.Release|x86.ActiveCfg = Release|Any CPU
		{572C4057-FEF9-4DD4-9854-0573567F930E}.Release|x86.Build.0 = Release|Any CPU
		{A23150D1-A42C-479E-9EE7-DA7560F6DD6C}.Debug|Any CPU.ActiveCfg = Debug|Any CPU
		{A23150D1-A42C-479E-9EE7-DA7560F6DD6C}.Debug|Any CPU.Build.0 = Debug|Any CPU
		{A23150D1-A42C-479E-9EE7-DA7560F6DD6C}.Debug|x64.ActiveCfg = Debug|Any CPU
		{A23150D1-A42C-479E-9EE7-DA7560F6DD6C}.Debug|x64.Build.0 = Debug|Any CPU
		{A23150D1-A42C-479E-9EE7-DA7560F6DD6C}.Debug|x86.ActiveCfg = Debug|Any CPU
		{A23150D1-A42C-479E-9EE7-DA7560F6DD6C}.Debug|x86.Build.0 = Debug|Any CPU
		{A23150D1-A42C-479E-9EE7-DA7560F6DD6C}.Release|Any CPU.ActiveCfg = Release|Any CPU
		{A23150D1-A42C-479E-9EE7-DA7560F6DD6C}.Release|Any CPU.Build.0 = Release|Any CPU
		{A23150D1-A42C-479E-9EE7-DA7560F6DD6C}.Release|x64.ActiveCfg = Release|Any CPU
		{A23150D1-A42C-479E-9EE7-DA7560F6DD6C}.Release|x64.Build.0 = Release|Any CPU
		{A23150D1-A42C-479E-9EE7-DA7560F6DD6C}.Release|x86.ActiveCfg = Release|Any CPU
		{A23150D1-A42C-479E-9EE7-DA7560F6DD6C}.Release|x86.Build.0 = Release|Any CPU
		{D0AED0FA-4D74-4B0F-83F2-9E25813E3906}.Debug|Any CPU.ActiveCfg = Debug|Any CPU
		{D0AED0FA-4D74-4B0F-83F2-9E25813E3906}.Debug|Any CPU.Build.0 = Debug|Any CPU
		{D0AED0FA-4D74-4B0F-83F2-9E25813E3906}.Debug|x64.ActiveCfg = Debug|Any CPU
		{D0AED0FA-4D74-4B0F-83F2-9E25813E3906}.Debug|x64.Build.0 = Debug|Any CPU
		{D0AED0FA-4D74-4B0F-83F2-9E25813E3906}.Debug|x86.ActiveCfg = Debug|Any CPU
		{D0AED0FA-4D74-4B0F-83F2-9E25813E3906}.Debug|x86.Build.0 = Debug|Any CPU
		{D0AED0FA-4D74-4B0F-83F2-9E25813E3906}.Release|Any CPU.ActiveCfg = Release|Any CPU
		{D0AED0FA-4D74-4B0F-83F2-9E25813E3906}.Release|Any CPU.Build.0 = Release|Any CPU
		{D0AED0FA-4D74-4B0F-83F2-9E25813E3906}.Release|x64.ActiveCfg = Release|Any CPU
		{D0AED0FA-4D74-4B0F-83F2-9E25813E3906}.Release|x64.Build.0 = Release|Any CPU
		{D0AED0FA-4D74-4B0F-83F2-9E25813E3906}.Release|x86.ActiveCfg = Release|Any CPU
		{D0AED0FA-4D74-4B0F-83F2-9E25813E3906}.Release|x86.Build.0 = Release|Any CPU
		{1A3A9105-8080-43F9-A4E7-2E5DB38E64DD}.Debug|Any CPU.ActiveCfg = Debug|Any CPU
		{1A3A9105-8080-43F9-A4E7-2E5DB38E64DD}.Debug|Any CPU.Build.0 = Debug|Any CPU
		{1A3A9105-8080-43F9-A4E7-2E5DB38E64DD}.Debug|x64.ActiveCfg = Debug|Any CPU
		{1A3A9105-8080-43F9-A4E7-2E5DB38E64DD}.Debug|x64.Build.0 = Debug|Any CPU
		{1A3A9105-8080-43F9-A4E7-2E5DB38E64DD}.Debug|x86.ActiveCfg = Debug|Any CPU
		{1A3A9105-8080-43F9-A4E7-2E5DB38E64DD}.Debug|x86.Build.0 = Debug|Any CPU
		{1A3A9105-8080-43F9-A4E7-2E5DB38E64DD}.Release|Any CPU.ActiveCfg = Release|Any CPU
		{1A3A9105-8080-43F9-A4E7-2E5DB38E64DD}.Release|Any CPU.Build.0 = Release|Any CPU
		{1A3A9105-8080-43F9-A4E7-2E5DB38E64DD}.Release|x64.ActiveCfg = Release|Any CPU
		{1A3A9105-8080-43F9-A4E7-2E5DB38E64DD}.Release|x64.Build.0 = Release|Any CPU
		{1A3A9105-8080-43F9-A4E7-2E5DB38E64DD}.Release|x86.ActiveCfg = Release|Any CPU
		{1A3A9105-8080-43F9-A4E7-2E5DB38E64DD}.Release|x86.Build.0 = Release|Any CPU
		{59547610-F5B5-48B7-ACD2-4335A338426C}.Debug|Any CPU.ActiveCfg = Debug|Any CPU
		{59547610-F5B5-48B7-ACD2-4335A338426C}.Debug|Any CPU.Build.0 = Debug|Any CPU
		{59547610-F5B5-48B7-ACD2-4335A338426C}.Debug|x64.ActiveCfg = Debug|Any CPU
		{59547610-F5B5-48B7-ACD2-4335A338426C}.Debug|x64.Build.0 = Debug|Any CPU
		{59547610-F5B5-48B7-ACD2-4335A338426C}.Debug|x86.ActiveCfg = Debug|Any CPU
		{59547610-F5B5-48B7-ACD2-4335A338426C}.Debug|x86.Build.0 = Debug|Any CPU
		{59547610-F5B5-48B7-ACD2-4335A338426C}.Release|Any CPU.ActiveCfg = Release|Any CPU
		{59547610-F5B5-48B7-ACD2-4335A338426C}.Release|Any CPU.Build.0 = Release|Any CPU
		{59547610-F5B5-48B7-ACD2-4335A338426C}.Release|x64.ActiveCfg = Release|Any CPU
		{59547610-F5B5-48B7-ACD2-4335A338426C}.Release|x64.Build.0 = Release|Any CPU
		{59547610-F5B5-48B7-ACD2-4335A338426C}.Release|x86.ActiveCfg = Release|Any CPU
		{59547610-F5B5-48B7-ACD2-4335A338426C}.Release|x86.Build.0 = Release|Any CPU
		{1FC1918C-0B88-4935-8609-EF2D5D49306D}.Debug|Any CPU.ActiveCfg = Debug|Any CPU
		{1FC1918C-0B88-4935-8609-EF2D5D49306D}.Debug|Any CPU.Build.0 = Debug|Any CPU
		{1FC1918C-0B88-4935-8609-EF2D5D49306D}.Debug|x64.ActiveCfg = Debug|Any CPU
		{1FC1918C-0B88-4935-8609-EF2D5D49306D}.Debug|x64.Build.0 = Debug|Any CPU
		{1FC1918C-0B88-4935-8609-EF2D5D49306D}.Debug|x86.ActiveCfg = Debug|Any CPU
		{1FC1918C-0B88-4935-8609-EF2D5D49306D}.Debug|x86.Build.0 = Debug|Any CPU
		{1FC1918C-0B88-4935-8609-EF2D5D49306D}.Release|Any CPU.ActiveCfg = Release|Any CPU
		{1FC1918C-0B88-4935-8609-EF2D5D49306D}.Release|Any CPU.Build.0 = Release|Any CPU
		{1FC1918C-0B88-4935-8609-EF2D5D49306D}.Release|x64.ActiveCfg = Release|Any CPU
		{1FC1918C-0B88-4935-8609-EF2D5D49306D}.Release|x64.Build.0 = Release|Any CPU
		{1FC1918C-0B88-4935-8609-EF2D5D49306D}.Release|x86.ActiveCfg = Release|Any CPU
		{1FC1918C-0B88-4935-8609-EF2D5D49306D}.Release|x86.Build.0 = Release|Any CPU
		{525329E8-35A3-43CC-BB61-4D882134C515}.Debug|Any CPU.ActiveCfg = Debug|Any CPU
		{525329E8-35A3-43CC-BB61-4D882134C515}.Debug|Any CPU.Build.0 = Debug|Any CPU
		{525329E8-35A3-43CC-BB61-4D882134C515}.Debug|x64.ActiveCfg = Debug|Any CPU
		{525329E8-35A3-43CC-BB61-4D882134C515}.Debug|x64.Build.0 = Debug|Any CPU
		{525329E8-35A3-43CC-BB61-4D882134C515}.Debug|x86.ActiveCfg = Debug|Any CPU
		{525329E8-35A3-43CC-BB61-4D882134C515}.Debug|x86.Build.0 = Debug|Any CPU
		{525329E8-35A3-43CC-BB61-4D882134C515}.Release|Any CPU.ActiveCfg = Release|Any CPU
		{525329E8-35A3-43CC-BB61-4D882134C515}.Release|Any CPU.Build.0 = Release|Any CPU
		{525329E8-35A3-43CC-BB61-4D882134C515}.Release|x64.ActiveCfg = Release|Any CPU
		{525329E8-35A3-43CC-BB61-4D882134C515}.Release|x64.Build.0 = Release|Any CPU
		{525329E8-35A3-43CC-BB61-4D882134C515}.Release|x86.ActiveCfg = Release|Any CPU
		{525329E8-35A3-43CC-BB61-4D882134C515}.Release|x86.Build.0 = Release|Any CPU
		{E0EDA366-D5BE-44D3-9F0A-550F9B40EB64}.Debug|Any CPU.ActiveCfg = Debug|Any CPU
		{E0EDA366-D5BE-44D3-9F0A-550F9B40EB64}.Debug|Any CPU.Build.0 = Debug|Any CPU
		{E0EDA366-D5BE-44D3-9F0A-550F9B40EB64}.Debug|x64.ActiveCfg = Debug|Any CPU
		{E0EDA366-D5BE-44D3-9F0A-550F9B40EB64}.Debug|x64.Build.0 = Debug|Any CPU
		{E0EDA366-D5BE-44D3-9F0A-550F9B40EB64}.Debug|x86.ActiveCfg = Debug|Any CPU
		{E0EDA366-D5BE-44D3-9F0A-550F9B40EB64}.Debug|x86.Build.0 = Debug|Any CPU
		{E0EDA366-D5BE-44D3-9F0A-550F9B40EB64}.Release|Any CPU.ActiveCfg = Release|Any CPU
		{E0EDA366-D5BE-44D3-9F0A-550F9B40EB64}.Release|Any CPU.Build.0 = Release|Any CPU
		{E0EDA366-D5BE-44D3-9F0A-550F9B40EB64}.Release|x64.ActiveCfg = Release|Any CPU
		{E0EDA366-D5BE-44D3-9F0A-550F9B40EB64}.Release|x64.Build.0 = Release|Any CPU
		{E0EDA366-D5BE-44D3-9F0A-550F9B40EB64}.Release|x86.ActiveCfg = Release|Any CPU
		{E0EDA366-D5BE-44D3-9F0A-550F9B40EB64}.Release|x86.Build.0 = Release|Any CPU
		{4BE07A1A-2222-4F23-9352-F06435C64275}.Debug|Any CPU.ActiveCfg = Debug|Any CPU
		{4BE07A1A-2222-4F23-9352-F06435C64275}.Debug|Any CPU.Build.0 = Debug|Any CPU
		{4BE07A1A-2222-4F23-9352-F06435C64275}.Debug|x64.ActiveCfg = Debug|Any CPU
		{4BE07A1A-2222-4F23-9352-F06435C64275}.Debug|x64.Build.0 = Debug|Any CPU
		{4BE07A1A-2222-4F23-9352-F06435C64275}.Debug|x86.ActiveCfg = Debug|Any CPU
		{4BE07A1A-2222-4F23-9352-F06435C64275}.Debug|x86.Build.0 = Debug|Any CPU
		{4BE07A1A-2222-4F23-9352-F06435C64275}.Release|Any CPU.ActiveCfg = Release|Any CPU
		{4BE07A1A-2222-4F23-9352-F06435C64275}.Release|Any CPU.Build.0 = Release|Any CPU
		{4BE07A1A-2222-4F23-9352-F06435C64275}.Release|x64.ActiveCfg = Release|Any CPU
		{4BE07A1A-2222-4F23-9352-F06435C64275}.Release|x64.Build.0 = Release|Any CPU
		{4BE07A1A-2222-4F23-9352-F06435C64275}.Release|x86.ActiveCfg = Release|Any CPU
		{4BE07A1A-2222-4F23-9352-F06435C64275}.Release|x86.Build.0 = Release|Any CPU
		{A96E2BE2-73C7-403F-9AE9-F296C3E79840}.Debug|Any CPU.ActiveCfg = Debug|Any CPU
		{A96E2BE2-73C7-403F-9AE9-F296C3E79840}.Debug|Any CPU.Build.0 = Debug|Any CPU
		{A96E2BE2-73C7-403F-9AE9-F296C3E79840}.Debug|x64.ActiveCfg = Debug|Any CPU
		{A96E2BE2-73C7-403F-9AE9-F296C3E79840}.Debug|x64.Build.0 = Debug|Any CPU
		{A96E2BE2-73C7-403F-9AE9-F296C3E79840}.Debug|x86.ActiveCfg = Debug|Any CPU
		{A96E2BE2-73C7-403F-9AE9-F296C3E79840}.Debug|x86.Build.0 = Debug|Any CPU
		{A96E2BE2-73C7-403F-9AE9-F296C3E79840}.Release|Any CPU.ActiveCfg = Release|Any CPU
		{A96E2BE2-73C7-403F-9AE9-F296C3E79840}.Release|Any CPU.Build.0 = Release|Any CPU
		{A96E2BE2-73C7-403F-9AE9-F296C3E79840}.Release|x64.ActiveCfg = Release|Any CPU
		{A96E2BE2-73C7-403F-9AE9-F296C3E79840}.Release|x64.Build.0 = Release|Any CPU
		{A96E2BE2-73C7-403F-9AE9-F296C3E79840}.Release|x86.ActiveCfg = Release|Any CPU
		{A96E2BE2-73C7-403F-9AE9-F296C3E79840}.Release|x86.Build.0 = Release|Any CPU
		{B1A45ED2-6464-4B0D-9A55-6C7603228393}.Debug|Any CPU.ActiveCfg = Debug|Any CPU
		{B1A45ED2-6464-4B0D-9A55-6C7603228393}.Debug|Any CPU.Build.0 = Debug|Any CPU
		{B1A45ED2-6464-4B0D-9A55-6C7603228393}.Debug|x64.ActiveCfg = Debug|Any CPU
		{B1A45ED2-6464-4B0D-9A55-6C7603228393}.Debug|x64.Build.0 = Debug|Any CPU
		{B1A45ED2-6464-4B0D-9A55-6C7603228393}.Debug|x86.ActiveCfg = Debug|Any CPU
		{B1A45ED2-6464-4B0D-9A55-6C7603228393}.Debug|x86.Build.0 = Debug|Any CPU
		{B1A45ED2-6464-4B0D-9A55-6C7603228393}.Release|Any CPU.ActiveCfg = Release|Any CPU
		{B1A45ED2-6464-4B0D-9A55-6C7603228393}.Release|Any CPU.Build.0 = Release|Any CPU
		{B1A45ED2-6464-4B0D-9A55-6C7603228393}.Release|x64.ActiveCfg = Release|Any CPU
		{B1A45ED2-6464-4B0D-9A55-6C7603228393}.Release|x64.Build.0 = Release|Any CPU
		{B1A45ED2-6464-4B0D-9A55-6C7603228393}.Release|x86.ActiveCfg = Release|Any CPU
		{B1A45ED2-6464-4B0D-9A55-6C7603228393}.Release|x86.Build.0 = Release|Any CPU
		{1D62A8C8-4E58-4C93-AB77-71E74BCFB5F2}.Debug|Any CPU.ActiveCfg = Debug|Any CPU
		{1D62A8C8-4E58-4C93-AB77-71E74BCFB5F2}.Debug|Any CPU.Build.0 = Debug|Any CPU
		{1D62A8C8-4E58-4C93-AB77-71E74BCFB5F2}.Debug|x64.ActiveCfg = Debug|Any CPU
		{1D62A8C8-4E58-4C93-AB77-71E74BCFB5F2}.Debug|x64.Build.0 = Debug|Any CPU
		{1D62A8C8-4E58-4C93-AB77-71E74BCFB5F2}.Debug|x86.ActiveCfg = Debug|Any CPU
		{1D62A8C8-4E58-4C93-AB77-71E74BCFB5F2}.Debug|x86.Build.0 = Debug|Any CPU
		{1D62A8C8-4E58-4C93-AB77-71E74BCFB5F2}.Release|Any CPU.ActiveCfg = Release|Any CPU
		{1D62A8C8-4E58-4C93-AB77-71E74BCFB5F2}.Release|Any CPU.Build.0 = Release|Any CPU
		{1D62A8C8-4E58-4C93-AB77-71E74BCFB5F2}.Release|x64.ActiveCfg = Release|Any CPU
		{1D62A8C8-4E58-4C93-AB77-71E74BCFB5F2}.Release|x64.Build.0 = Release|Any CPU
		{1D62A8C8-4E58-4C93-AB77-71E74BCFB5F2}.Release|x86.ActiveCfg = Release|Any CPU
		{1D62A8C8-4E58-4C93-AB77-71E74BCFB5F2}.Release|x86.Build.0 = Release|Any CPU
		{A0C528BF-7852-4FD6-AE99-81496317A78D}.Debug|Any CPU.ActiveCfg = Debug|Any CPU
		{A0C528BF-7852-4FD6-AE99-81496317A78D}.Debug|Any CPU.Build.0 = Debug|Any CPU
		{A0C528BF-7852-4FD6-AE99-81496317A78D}.Debug|x64.ActiveCfg = Debug|Any CPU
		{A0C528BF-7852-4FD6-AE99-81496317A78D}.Debug|x64.Build.0 = Debug|Any CPU
		{A0C528BF-7852-4FD6-AE99-81496317A78D}.Debug|x86.ActiveCfg = Debug|Any CPU
		{A0C528BF-7852-4FD6-AE99-81496317A78D}.Debug|x86.Build.0 = Debug|Any CPU
		{A0C528BF-7852-4FD6-AE99-81496317A78D}.Release|Any CPU.ActiveCfg = Release|Any CPU
		{A0C528BF-7852-4FD6-AE99-81496317A78D}.Release|Any CPU.Build.0 = Release|Any CPU
		{A0C528BF-7852-4FD6-AE99-81496317A78D}.Release|x64.ActiveCfg = Release|Any CPU
		{A0C528BF-7852-4FD6-AE99-81496317A78D}.Release|x64.Build.0 = Release|Any CPU
		{A0C528BF-7852-4FD6-AE99-81496317A78D}.Release|x86.ActiveCfg = Release|Any CPU
		{A0C528BF-7852-4FD6-AE99-81496317A78D}.Release|x86.Build.0 = Release|Any CPU
		{18FBB523-44A9-43E6-879B-1DC3D79F844D}.Debug|Any CPU.ActiveCfg = Debug|Any CPU
		{18FBB523-44A9-43E6-879B-1DC3D79F844D}.Debug|Any CPU.Build.0 = Debug|Any CPU
		{18FBB523-44A9-43E6-879B-1DC3D79F844D}.Debug|x64.ActiveCfg = Debug|Any CPU
		{18FBB523-44A9-43E6-879B-1DC3D79F844D}.Debug|x64.Build.0 = Debug|Any CPU
		{18FBB523-44A9-43E6-879B-1DC3D79F844D}.Debug|x86.ActiveCfg = Debug|Any CPU
		{18FBB523-44A9-43E6-879B-1DC3D79F844D}.Debug|x86.Build.0 = Debug|Any CPU
		{18FBB523-44A9-43E6-879B-1DC3D79F844D}.Release|Any CPU.ActiveCfg = Release|Any CPU
		{18FBB523-44A9-43E6-879B-1DC3D79F844D}.Release|Any CPU.Build.0 = Release|Any CPU
		{18FBB523-44A9-43E6-879B-1DC3D79F844D}.Release|x64.ActiveCfg = Release|Any CPU
		{18FBB523-44A9-43E6-879B-1DC3D79F844D}.Release|x64.Build.0 = Release|Any CPU
		{18FBB523-44A9-43E6-879B-1DC3D79F844D}.Release|x86.ActiveCfg = Release|Any CPU
		{18FBB523-44A9-43E6-879B-1DC3D79F844D}.Release|x86.Build.0 = Release|Any CPU
		{90A11201-76C2-4B39-91A1-000000000001}.Debug|Any CPU.ActiveCfg = Debug|Any CPU
		{90A11201-76C2-4B39-91A1-000000000001}.Debug|Any CPU.Build.0 = Debug|Any CPU
		{90A11201-76C2-4B39-91A1-000000000001}.Debug|x64.ActiveCfg = Debug|Any CPU
		{90A11201-76C2-4B39-91A1-000000000001}.Debug|x64.Build.0 = Debug|Any CPU
		{90A11201-76C2-4B39-91A1-000000000001}.Debug|x86.ActiveCfg = Debug|Any CPU
		{90A11201-76C2-4B39-91A1-000000000001}.Debug|x86.Build.0 = Debug|Any CPU
		{90A11201-76C2-4B39-91A1-000000000001}.Release|Any CPU.ActiveCfg = Release|Any CPU
		{90A11201-76C2-4B39-91A1-000000000001}.Release|Any CPU.Build.0 = Release|Any CPU
		{90A11201-76C2-4B39-91A1-000000000001}.Release|x64.ActiveCfg = Release|Any CPU
		{90A11201-76C2-4B39-91A1-000000000001}.Release|x64.Build.0 = Release|Any CPU
		{90A11201-76C2-4B39-91A1-000000000001}.Release|x86.ActiveCfg = Release|Any CPU
		{90A11201-76C2-4B39-91A1-000000000001}.Release|x86.Build.0 = Release|Any CPU
		{90A21302-76C2-4B39-91A1-000000000002}.Debug|Any CPU.ActiveCfg = Debug|Any CPU
		{90A21302-76C2-4B39-91A1-000000000002}.Debug|Any CPU.Build.0 = Debug|Any CPU
		{90A21302-76C2-4B39-91A1-000000000002}.Debug|x64.ActiveCfg = Debug|Any CPU
		{90A21302-76C2-4B39-91A1-000000000002}.Debug|x64.Build.0 = Debug|Any CPU
		{90A21302-76C2-4B39-91A1-000000000002}.Debug|x86.ActiveCfg = Debug|Any CPU
		{90A21302-76C2-4B39-91A1-000000000002}.Debug|x86.Build.0 = Debug|Any CPU
		{90A21302-76C2-4B39-91A1-000000000002}.Release|Any CPU.ActiveCfg = Release|Any CPU
		{90A21302-76C2-4B39-91A1-000000000002}.Release|Any CPU.Build.0 = Release|Any CPU
		{90A21302-76C2-4B39-91A1-000000000002}.Release|x64.ActiveCfg = Release|Any CPU
		{90A21302-76C2-4B39-91A1-000000000002}.Release|x64.Build.0 = Release|Any CPU
		{90A21302-76C2-4B39-91A1-000000000002}.Release|x86.ActiveCfg = Release|Any CPU
		{90A21302-76C2-4B39-91A1-000000000002}.Release|x86.Build.0 = Release|Any CPU
		{90A31403-76C2-4B39-91A1-000000000003}.Debug|Any CPU.ActiveCfg = Debug|Any CPU
		{90A31403-76C2-4B39-91A1-000000000003}.Debug|Any CPU.Build.0 = Debug|Any CPU
		{90A31403-76C2-4B39-91A1-000000000003}.Debug|x64.ActiveCfg = Debug|Any CPU
		{90A31403-76C2-4B39-91A1-000000000003}.Debug|x64.Build.0 = Debug|Any CPU
		{90A31403-76C2-4B39-91A1-000000000003}.Debug|x86.ActiveCfg = Debug|Any CPU
		{90A31403-76C2-4B39-91A1-000000000003}.Debug|x86.Build.0 = Debug|Any CPU
		{90A31403-76C2-4B39-91A1-000000000003}.Release|Any CPU.ActiveCfg = Release|Any CPU
		{90A31403-76C2-4B39-91A1-000000000003}.Release|Any CPU.Build.0 = Release|Any CPU
		{90A31403-76C2-4B39-91A1-000000000003}.Release|x64.ActiveCfg = Release|Any CPU
		{90A31403-76C2-4B39-91A1-000000000003}.Release|x64.Build.0 = Release|Any CPU
		{90A31403-76C2-4B39-91A1-000000000003}.Release|x86.ActiveCfg = Release|Any CPU
		{90A31403-76C2-4B39-91A1-000000000003}.Release|x86.Build.0 = Release|Any CPU
		{90A41504-76C2-4B39-91A1-000000000004}.Debug|Any CPU.ActiveCfg = Debug|Any CPU
		{90A41504-76C2-4B39-91A1-000000000004}.Debug|Any CPU.Build.0 = Debug|Any CPU
		{90A41504-76C2-4B39-91A1-000000000004}.Debug|x64.ActiveCfg = Debug|Any CPU
		{90A41504-76C2-4B39-91A1-000000000004}.Debug|x64.Build.0 = Debug|Any CPU
		{90A41504-76C2-4B39-91A1-000000000004}.Debug|x86.ActiveCfg = Debug|Any CPU
		{90A41504-76C2-4B39-91A1-000000000004}.Debug|x86.Build.0 = Debug|Any CPU
		{90A41504-76C2-4B39-91A1-000000000004}.Release|Any CPU.ActiveCfg = Release|Any CPU
		{90A41504-76C2-4B39-91A1-000000000004}.Release|Any CPU.Build.0 = Release|Any CPU
		{90A41504-76C2-4B39-91A1-000000000004}.Release|x64.ActiveCfg = Release|Any CPU
		{90A41504-76C2-4B39-91A1-000000000004}.Release|x64.Build.0 = Release|Any CPU
		{90A41504-76C2-4B39-91A1-000000000004}.Release|x86.ActiveCfg = Release|Any CPU
		{90A41504-76C2-4B39-91A1-000000000004}.Release|x86.Build.0 = Release|Any CPU
		{90A51605-76C2-4B39-91A1-000000000005}.Debug|Any CPU.ActiveCfg = Debug|Any CPU
		{90A51605-76C2-4B39-91A1-000000000005}.Debug|Any CPU.Build.0 = Debug|Any CPU
		{90A51605-76C2-4B39-91A1-000000000005}.Debug|x64.ActiveCfg = Debug|Any CPU
		{90A51605-76C2-4B39-91A1-000000000005}.Debug|x64.Build.0 = Debug|Any CPU
		{90A51605-76C2-4B39-91A1-000000000005}.Debug|x86.ActiveCfg = Debug|Any CPU
		{90A51605-76C2-4B39-91A1-000000000005}.Debug|x86.Build.0 = Debug|Any CPU
		{90A51605-76C2-4B39-91A1-000000000005}.Release|Any CPU.ActiveCfg = Release|Any CPU
		{90A51605-76C2-4B39-91A1-000000000005}.Release|Any CPU.Build.0 = Release|Any CPU
		{90A51605-76C2-4B39-91A1-000000000005}.Release|x64.ActiveCfg = Release|Any CPU
		{90A51605-76C2-4B39-91A1-000000000005}.Release|x64.Build.0 = Release|Any CPU
		{90A51605-76C2-4B39-91A1-000000000005}.Release|x86.ActiveCfg = Release|Any CPU
		{90A51605-76C2-4B39-91A1-000000000005}.Release|x86.Build.0 = Release|Any CPU
		{90A61706-76C2-4B39-91A1-000000000006}.Debug|Any CPU.ActiveCfg = Debug|Any CPU
		{90A61706-76C2-4B39-91A1-000000000006}.Debug|Any CPU.Build.0 = Debug|Any CPU
		{90A61706-76C2-4B39-91A1-000000000006}.Debug|x64.ActiveCfg = Debug|Any CPU
		{90A61706-76C2-4B39-91A1-000000000006}.Debug|x64.Build.0 = Debug|Any CPU
		{90A61706-76C2-4B39-91A1-000000000006}.Debug|x86.ActiveCfg = Debug|Any CPU
		{90A61706-76C2-4B39-91A1-000000000006}.Debug|x86.Build.0 = Debug|Any CPU
		{90A61706-76C2-4B39-91A1-000000000006}.Release|Any CPU.ActiveCfg = Release|Any CPU
		{90A61706-76C2-4B39-91A1-000000000006}.Release|Any CPU.Build.0 = Release|Any CPU
		{90A61706-76C2-4B39-91A1-000000000006}.Release|x64.ActiveCfg = Release|Any CPU
		{90A61706-76C2-4B39-91A1-000000000006}.Release|x64.Build.0 = Release|Any CPU
		{90A61706-76C2-4B39-91A1-000000000006}.Release|x86.ActiveCfg = Release|Any CPU
		{90A61706-76C2-4B39-91A1-000000000006}.Release|x86.Build.0 = Release|Any CPU
		{90A71807-76C2-4B39-91A1-000000000007}.Debug|Any CPU.ActiveCfg = Debug|Any CPU
		{90A71807-76C2-4B39-91A1-000000000007}.Debug|Any CPU.Build.0 = Debug|Any CPU
		{90A71807-76C2-4B39-91A1-000000000007}.Debug|x64.ActiveCfg = Debug|Any CPU
		{90A71807-76C2-4B39-91A1-000000000007}.Debug|x64.Build.0 = Debug|Any CPU
		{90A71807-76C2-4B39-91A1-000000000007}.Debug|x86.ActiveCfg = Debug|Any CPU
		{90A71807-76C2-4B39-91A1-000000000007}.Debug|x86.Build.0 = Debug|Any CPU
		{90A71807-76C2-4B39-91A1-000000000007}.Release|Any CPU.ActiveCfg = Release|Any CPU
		{90A71807-76C2-4B39-91A1-000000000007}.Release|Any CPU.Build.0 = Release|Any CPU
		{90A71807-76C2-4B39-91A1-000000000007}.Release|x64.ActiveCfg = Release|Any CPU
		{90A71807-76C2-4B39-91A1-000000000007}.Release|x64.Build.0 = Release|Any CPU
		{90A71807-76C2-4B39-91A1-000000000007}.Release|x86.ActiveCfg = Release|Any CPU
		{90A71807-76C2-4B39-91A1-000000000007}.Release|x86.Build.0 = Release|Any CPU
		{90A81908-76C2-4B39-91A1-000000000008}.Debug|Any CPU.ActiveCfg = Debug|Any CPU
		{90A81908-76C2-4B39-91A1-000000000008}.Debug|Any CPU.Build.0 = Debug|Any CPU
		{90A81908-76C2-4B39-91A1-000000000008}.Debug|x64.ActiveCfg = Debug|Any CPU
		{90A81908-76C2-4B39-91A1-000000000008}.Debug|x64.Build.0 = Debug|Any CPU
		{90A81908-76C2-4B39-91A1-000000000008}.Debug|x86.ActiveCfg = Debug|Any CPU
		{90A81908-76C2-4B39-91A1-000000000008}.Debug|x86.Build.0 = Debug|Any CPU
		{90A81908-76C2-4B39-91A1-000000000008}.Release|Any CPU.ActiveCfg = Release|Any CPU
		{90A81908-76C2-4B39-91A1-000000000008}.Release|Any CPU.Build.0 = Release|Any CPU
		{90A81908-76C2-4B39-91A1-000000000008}.Release|x64.ActiveCfg = Release|Any CPU
		{90A81908-76C2-4B39-91A1-000000000008}.Release|x64.Build.0 = Release|Any CPU
		{90A81908-76C2-4B39-91A1-000000000008}.Release|x86.ActiveCfg = Release|Any CPU
		{90A81908-76C2-4B39-91A1-000000000008}.Release|x86.Build.0 = Release|Any CPU
		{90A92009-76C2-4B39-91A1-000000000009}.Debug|Any CPU.ActiveCfg = Debug|Any CPU
		{90A92009-76C2-4B39-91A1-000000000009}.Debug|Any CPU.Build.0 = Debug|Any CPU
		{90A92009-76C2-4B39-91A1-000000000009}.Debug|x64.ActiveCfg = Debug|Any CPU
		{90A92009-76C2-4B39-91A1-000000000009}.Debug|x64.Build.0 = Debug|Any CPU
		{90A92009-76C2-4B39-91A1-000000000009}.Debug|x86.ActiveCfg = Debug|Any CPU
		{90A92009-76C2-4B39-91A1-000000000009}.Debug|x86.Build.0 = Debug|Any CPU
		{90A92009-76C2-4B39-91A1-000000000009}.Release|Any CPU.ActiveCfg = Release|Any CPU
		{90A92009-76C2-4B39-91A1-000000000009}.Release|Any CPU.Build.0 = Release|Any CPU
		{90A92009-76C2-4B39-91A1-000000000009}.Release|x64.ActiveCfg = Release|Any CPU
		{90A92009-76C2-4B39-91A1-000000000009}.Release|x64.Build.0 = Release|Any CPU
		{90A92009-76C2-4B39-91A1-000000000009}.Release|x86.ActiveCfg = Release|Any CPU
		{90A92009-76C2-4B39-91A1-000000000009}.Release|x86.Build.0 = Release|Any CPU
		{90AB210A-76C2-4B39-91A1-000000000010}.Debug|Any CPU.ActiveCfg = Debug|Any CPU
		{90AB210A-76C2-4B39-91A1-000000000010}.Debug|Any CPU.Build.0 = Debug|Any CPU
		{90AB210A-76C2-4B39-91A1-000000000010}.Debug|x64.ActiveCfg = Debug|Any CPU
		{90AB210A-76C2-4B39-91A1-000000000010}.Debug|x64.Build.0 = Debug|Any CPU
		{90AB210A-76C2-4B39-91A1-000000000010}.Debug|x86.ActiveCfg = Debug|Any CPU
		{90AB210A-76C2-4B39-91A1-000000000010}.Debug|x86.Build.0 = Debug|Any CPU
		{90AB210A-76C2-4B39-91A1-000000000010}.Release|Any CPU.ActiveCfg = Release|Any CPU
		{90AB210A-76C2-4B39-91A1-000000000010}.Release|Any CPU.Build.0 = Release|Any CPU
		{90AB210A-76C2-4B39-91A1-000000000010}.Release|x64.ActiveCfg = Release|Any CPU
		{90AB210A-76C2-4B39-91A1-000000000010}.Release|x64.Build.0 = Release|Any CPU
		{90AB210A-76C2-4B39-91A1-000000000010}.Release|x86.ActiveCfg = Release|Any CPU
		{90AB210A-76C2-4B39-91A1-000000000010}.Release|x86.Build.0 = Release|Any CPU
		{90AC220B-76C2-4B39-91A1-000000000011}.Debug|Any CPU.ActiveCfg = Debug|Any CPU
		{90AC220B-76C2-4B39-91A1-000000000011}.Debug|Any CPU.Build.0 = Debug|Any CPU
		{90AC220B-76C2-4B39-91A1-000000000011}.Debug|x64.ActiveCfg = Debug|Any CPU
		{90AC220B-76C2-4B39-91A1-000000000011}.Debug|x64.Build.0 = Debug|Any CPU
		{90AC220B-76C2-4B39-91A1-000000000011}.Debug|x86.ActiveCfg = Debug|Any CPU
		{90AC220B-76C2-4B39-91A1-000000000011}.Debug|x86.Build.0 = Debug|Any CPU
		{90AC220B-76C2-4B39-91A1-000000000011}.Release|Any CPU.ActiveCfg = Release|Any CPU
		{90AC220B-76C2-4B39-91A1-000000000011}.Release|Any CPU.Build.0 = Release|Any CPU
		{90AC220B-76C2-4B39-91A1-000000000011}.Release|x64.ActiveCfg = Release|Any CPU
		{90AC220B-76C2-4B39-91A1-000000000011}.Release|x64.Build.0 = Release|Any CPU
		{90AC220B-76C2-4B39-91A1-000000000011}.Release|x86.ActiveCfg = Release|Any CPU
		{90AC220B-76C2-4B39-91A1-000000000011}.Release|x86.Build.0 = Release|Any CPU
		{90AD230C-76C2-4B39-91A1-000000000012}.Debug|Any CPU.ActiveCfg = Debug|Any CPU
		{90AD230C-76C2-4B39-91A1-000000000012}.Debug|x64.ActiveCfg = Debug|Any CPU
		{90AD230C-76C2-4B39-91A1-000000000012}.Debug|x86.ActiveCfg = Debug|Any CPU
		{90AD230C-76C2-4B39-91A1-000000000012}.Release|Any CPU.ActiveCfg = Release|Any CPU
		{90AD230C-76C2-4B39-91A1-000000000012}.Release|x64.ActiveCfg = Release|Any CPU
		{90AD230C-76C2-4B39-91A1-000000000012}.Release|x86.ActiveCfg = Release|Any CPU
		{90AE240D-76C2-4B39-91A1-000000000013}.Debug|Any CPU.ActiveCfg = Debug|Any CPU
		{90AE240D-76C2-4B39-91A1-000000000013}.Debug|x64.ActiveCfg = Debug|Any CPU
		{90AE240D-76C2-4B39-91A1-000000000013}.Debug|x86.ActiveCfg = Debug|Any CPU
		{90AE240D-76C2-4B39-91A1-000000000013}.Release|Any CPU.ActiveCfg = Release|Any CPU
		{90AE240D-76C2-4B39-91A1-000000000013}.Release|x64.ActiveCfg = Release|Any CPU
		{90AE240D-76C2-4B39-91A1-000000000013}.Release|x86.ActiveCfg = Release|Any CPU
		{90AF250E-76C2-4B39-91A1-000000000014}.Debug|Any CPU.ActiveCfg = Debug|Any CPU
		{90AF250E-76C2-4B39-91A1-000000000014}.Debug|x64.ActiveCfg = Debug|Any CPU
		{90AF250E-76C2-4B39-91A1-000000000014}.Debug|x86.ActiveCfg = Debug|Any CPU
		{90AF250E-76C2-4B39-91A1-000000000014}.Release|Any CPU.ActiveCfg = Release|Any CPU
		{90AF250E-76C2-4B39-91A1-000000000014}.Release|x64.ActiveCfg = Release|Any CPU
		{90AF250E-76C2-4B39-91A1-000000000014}.Release|x86.ActiveCfg = Release|Any CPU
		{90B0260F-76C2-4B39-91A1-000000000015}.Debug|Any CPU.ActiveCfg = Debug|Any CPU
		{90B0260F-76C2-4B39-91A1-000000000015}.Debug|x64.ActiveCfg = Debug|Any CPU
		{90B0260F-76C2-4B39-91A1-000000000015}.Debug|x86.ActiveCfg = Debug|Any CPU
		{90B0260F-76C2-4B39-91A1-000000000015}.Release|Any CPU.ActiveCfg = Release|Any CPU
		{90B0260F-76C2-4B39-91A1-000000000015}.Release|x64.ActiveCfg = Release|Any CPU
		{90B0260F-76C2-4B39-91A1-000000000015}.Release|x86.ActiveCfg = Release|Any CPU
		{90B12710-76C2-4B39-91A1-000000000016}.Debug|Any CPU.ActiveCfg = Debug|Any CPU
		{90B12710-76C2-4B39-91A1-000000000016}.Debug|x64.ActiveCfg = Debug|Any CPU
		{90B12710-76C2-4B39-91A1-000000000016}.Debug|x86.ActiveCfg = Debug|Any CPU
		{90B12710-76C2-4B39-91A1-000000000016}.Release|Any CPU.ActiveCfg = Release|Any CPU
		{90B12710-76C2-4B39-91A1-000000000016}.Release|x64.ActiveCfg = Release|Any CPU
		{90B12710-76C2-4B39-91A1-000000000016}.Release|x86.ActiveCfg = Release|Any CPU
		{63CC6246-4CB4-488B-BA93-1634FE1B98FD}.Debug|Any CPU.ActiveCfg = Debug|Any CPU
		{63CC6246-4CB4-488B-BA93-1634FE1B98FD}.Debug|Any CPU.Build.0 = Debug|Any CPU
		{63CC6246-4CB4-488B-BA93-1634FE1B98FD}.Debug|x64.ActiveCfg = Debug|Any CPU
		{63CC6246-4CB4-488B-BA93-1634FE1B98FD}.Debug|x64.Build.0 = Debug|Any CPU
		{63CC6246-4CB4-488B-BA93-1634FE1B98FD}.Debug|x86.ActiveCfg = Debug|Any CPU
		{63CC6246-4CB4-488B-BA93-1634FE1B98FD}.Debug|x86.Build.0 = Debug|Any CPU
		{63CC6246-4CB4-488B-BA93-1634FE1B98FD}.Release|Any CPU.ActiveCfg = Release|Any CPU
		{63CC6246-4CB4-488B-BA93-1634FE1B98FD}.Release|Any CPU.Build.0 = Release|Any CPU
		{63CC6246-4CB4-488B-BA93-1634FE1B98FD}.Release|x64.ActiveCfg = Release|Any CPU
		{63CC6246-4CB4-488B-BA93-1634FE1B98FD}.Release|x64.Build.0 = Release|Any CPU
		{63CC6246-4CB4-488B-BA93-1634FE1B98FD}.Release|x86.ActiveCfg = Release|Any CPU
		{63CC6246-4CB4-488B-BA93-1634FE1B98FD}.Release|x86.Build.0 = Release|Any CPU
		{A65E6443-84EF-4D0E-8AD3-045C645DEC3E}.Debug|Any CPU.ActiveCfg = Debug|Any CPU
		{A65E6443-84EF-4D0E-8AD3-045C645DEC3E}.Debug|Any CPU.Build.0 = Debug|Any CPU
		{A65E6443-84EF-4D0E-8AD3-045C645DEC3E}.Debug|x64.ActiveCfg = Debug|Any CPU
		{A65E6443-84EF-4D0E-8AD3-045C645DEC3E}.Debug|x64.Build.0 = Debug|Any CPU
		{A65E6443-84EF-4D0E-8AD3-045C645DEC3E}.Debug|x86.ActiveCfg = Debug|Any CPU
		{A65E6443-84EF-4D0E-8AD3-045C645DEC3E}.Debug|x86.Build.0 = Debug|Any CPU
		{A65E6443-84EF-4D0E-8AD3-045C645DEC3E}.Release|Any CPU.ActiveCfg = Release|Any CPU
		{A65E6443-84EF-4D0E-8AD3-045C645DEC3E}.Release|Any CPU.Build.0 = Release|Any CPU
		{A65E6443-84EF-4D0E-8AD3-045C645DEC3E}.Release|x64.ActiveCfg = Release|Any CPU
		{A65E6443-84EF-4D0E-8AD3-045C645DEC3E}.Release|x64.Build.0 = Release|Any CPU
		{A65E6443-84EF-4D0E-8AD3-045C645DEC3E}.Release|x86.ActiveCfg = Release|Any CPU
		{A65E6443-84EF-4D0E-8AD3-045C645DEC3E}.Release|x86.Build.0 = Release|Any CPU
		{A9F879AC-8369-4CF8-988F-867E49874F06}.Debug|Any CPU.ActiveCfg = Debug|Any CPU
		{A9F879AC-8369-4CF8-988F-867E49874F06}.Debug|Any CPU.Build.0 = Debug|Any CPU
		{A9F879AC-8369-4CF8-988F-867E49874F06}.Debug|x64.ActiveCfg = Debug|Any CPU
		{A9F879AC-8369-4CF8-988F-867E49874F06}.Debug|x64.Build.0 = Debug|Any CPU
		{A9F879AC-8369-4CF8-988F-867E49874F06}.Debug|x86.ActiveCfg = Debug|Any CPU
		{A9F879AC-8369-4CF8-988F-867E49874F06}.Debug|x86.Build.0 = Debug|Any CPU
		{A9F879AC-8369-4CF8-988F-867E49874F06}.Release|Any CPU.ActiveCfg = Release|Any CPU
		{A9F879AC-8369-4CF8-988F-867E49874F06}.Release|Any CPU.Build.0 = Release|Any CPU
		{A9F879AC-8369-4CF8-988F-867E49874F06}.Release|x64.ActiveCfg = Release|Any CPU
		{A9F879AC-8369-4CF8-988F-867E49874F06}.Release|x64.Build.0 = Release|Any CPU
		{A9F879AC-8369-4CF8-988F-867E49874F06}.Release|x86.ActiveCfg = Release|Any CPU
		{A9F879AC-8369-4CF8-988F-867E49874F06}.Release|x86.Build.0 = Release|Any CPU
		{D1EA9EFA-142A-4CC0-A604-49335BB8F1F8}.Debug|Any CPU.ActiveCfg = Debug|Any CPU
		{D1EA9EFA-142A-4CC0-A604-49335BB8F1F8}.Debug|Any CPU.Build.0 = Debug|Any CPU
		{D1EA9EFA-142A-4CC0-A604-49335BB8F1F8}.Debug|x64.ActiveCfg = Debug|Any CPU
		{D1EA9EFA-142A-4CC0-A604-49335BB8F1F8}.Debug|x64.Build.0 = Debug|Any CPU
		{D1EA9EFA-142A-4CC0-A604-49335BB8F1F8}.Debug|x86.ActiveCfg = Debug|Any CPU
		{D1EA9EFA-142A-4CC0-A604-49335BB8F1F8}.Debug|x86.Build.0 = Debug|Any CPU
		{D1EA9EFA-142A-4CC0-A604-49335BB8F1F8}.Release|Any CPU.ActiveCfg = Release|Any CPU
		{D1EA9EFA-142A-4CC0-A604-49335BB8F1F8}.Release|Any CPU.Build.0 = Release|Any CPU
		{D1EA9EFA-142A-4CC0-A604-49335BB8F1F8}.Release|x64.ActiveCfg = Release|Any CPU
		{D1EA9EFA-142A-4CC0-A604-49335BB8F1F8}.Release|x64.Build.0 = Release|Any CPU
		{D1EA9EFA-142A-4CC0-A604-49335BB8F1F8}.Release|x86.ActiveCfg = Release|Any CPU
		{D1EA9EFA-142A-4CC0-A604-49335BB8F1F8}.Release|x86.Build.0 = Release|Any CPU
		{5D78214F-2949-4703-846D-A051849319E7}.Debug|Any CPU.ActiveCfg = Debug|Any CPU
		{5D78214F-2949-4703-846D-A051849319E7}.Debug|Any CPU.Build.0 = Debug|Any CPU
		{5D78214F-2949-4703-846D-A051849319E7}.Debug|x64.ActiveCfg = Debug|Any CPU
		{5D78214F-2949-4703-846D-A051849319E7}.Debug|x64.Build.0 = Debug|Any CPU
		{5D78214F-2949-4703-846D-A051849319E7}.Debug|x86.ActiveCfg = Debug|Any CPU
		{5D78214F-2949-4703-846D-A051849319E7}.Debug|x86.Build.0 = Debug|Any CPU
		{5D78214F-2949-4703-846D-A051849319E7}.Release|Any CPU.ActiveCfg = Release|Any CPU
		{5D78214F-2949-4703-846D-A051849319E7}.Release|Any CPU.Build.0 = Release|Any CPU
		{5D78214F-2949-4703-846D-A051849319E7}.Release|x64.ActiveCfg = Release|Any CPU
		{5D78214F-2949-4703-846D-A051849319E7}.Release|x64.Build.0 = Release|Any CPU
		{5D78214F-2949-4703-846D-A051849319E7}.Release|x86.ActiveCfg = Release|Any CPU
		{5D78214F-2949-4703-846D-A051849319E7}.Release|x86.Build.0 = Release|Any CPU
		{336C3699-24E6-4A4C-8DC7-AEE1C3732119}.Debug|Any CPU.ActiveCfg = Debug|Any CPU
		{336C3699-24E6-4A4C-8DC7-AEE1C3732119}.Debug|Any CPU.Build.0 = Debug|Any CPU
		{336C3699-24E6-4A4C-8DC7-AEE1C3732119}.Debug|x64.ActiveCfg = Debug|Any CPU
		{336C3699-24E6-4A4C-8DC7-AEE1C3732119}.Debug|x64.Build.0 = Debug|Any CPU
		{336C3699-24E6-4A4C-8DC7-AEE1C3732119}.Debug|x86.ActiveCfg = Debug|Any CPU
		{336C3699-24E6-4A4C-8DC7-AEE1C3732119}.Debug|x86.Build.0 = Debug|Any CPU
		{336C3699-24E6-4A4C-8DC7-AEE1C3732119}.Release|Any CPU.ActiveCfg = Release|Any CPU
		{336C3699-24E6-4A4C-8DC7-AEE1C3732119}.Release|Any CPU.Build.0 = Release|Any CPU
		{336C3699-24E6-4A4C-8DC7-AEE1C3732119}.Release|x64.ActiveCfg = Release|Any CPU
		{336C3699-24E6-4A4C-8DC7-AEE1C3732119}.Release|x64.Build.0 = Release|Any CPU
		{336C3699-24E6-4A4C-8DC7-AEE1C3732119}.Release|x86.ActiveCfg = Release|Any CPU
		{336C3699-24E6-4A4C-8DC7-AEE1C3732119}.Release|x86.Build.0 = Release|Any CPU
		{753F693E-8473-4B86-971E-BCBD2990652B}.Debug|Any CPU.ActiveCfg = Debug|Any CPU
		{753F693E-8473-4B86-971E-BCBD2990652B}.Debug|Any CPU.Build.0 = Debug|Any CPU
		{753F693E-8473-4B86-971E-BCBD2990652B}.Debug|x64.ActiveCfg = Debug|Any CPU
		{753F693E-8473-4B86-971E-BCBD2990652B}.Debug|x64.Build.0 = Debug|Any CPU
		{753F693E-8473-4B86-971E-BCBD2990652B}.Debug|x86.ActiveCfg = Debug|Any CPU
		{753F693E-8473-4B86-971E-BCBD2990652B}.Debug|x86.Build.0 = Debug|Any CPU
		{753F693E-8473-4B86-971E-BCBD2990652B}.Release|Any CPU.ActiveCfg = Release|Any CPU
		{753F693E-8473-4B86-971E-BCBD2990652B}.Release|Any CPU.Build.0 = Release|Any CPU
		{753F693E-8473-4B86-971E-BCBD2990652B}.Release|x64.ActiveCfg = Release|Any CPU
		{753F693E-8473-4B86-971E-BCBD2990652B}.Release|x64.Build.0 = Release|Any CPU
		{753F693E-8473-4B86-971E-BCBD2990652B}.Release|x86.ActiveCfg = Release|Any CPU
		{753F693E-8473-4B86-971E-BCBD2990652B}.Release|x86.Build.0 = Release|Any CPU
		{B46A0AC1-8FF4-4100-8E39-21FCDE989C72}.Debug|Any CPU.ActiveCfg = Debug|Any CPU
		{B46A0AC1-8FF4-4100-8E39-21FCDE989C72}.Debug|Any CPU.Build.0 = Debug|Any CPU
		{B46A0AC1-8FF4-4100-8E39-21FCDE989C72}.Debug|x64.ActiveCfg = Debug|Any CPU
		{B46A0AC1-8FF4-4100-8E39-21FCDE989C72}.Debug|x64.Build.0 = Debug|Any CPU
		{B46A0AC1-8FF4-4100-8E39-21FCDE989C72}.Debug|x86.ActiveCfg = Debug|Any CPU
		{B46A0AC1-8FF4-4100-8E39-21FCDE989C72}.Debug|x86.Build.0 = Debug|Any CPU
		{B46A0AC1-8FF4-4100-8E39-21FCDE989C72}.Release|Any CPU.ActiveCfg = Release|Any CPU
		{B46A0AC1-8FF4-4100-8E39-21FCDE989C72}.Release|Any CPU.Build.0 = Release|Any CPU
		{B46A0AC1-8FF4-4100-8E39-21FCDE989C72}.Release|x64.ActiveCfg = Release|Any CPU
		{B46A0AC1-8FF4-4100-8E39-21FCDE989C72}.Release|x64.Build.0 = Release|Any CPU
		{B46A0AC1-8FF4-4100-8E39-21FCDE989C72}.Release|x86.ActiveCfg = Release|Any CPU
		{B46A0AC1-8FF4-4100-8E39-21FCDE989C72}.Release|x86.Build.0 = Release|Any CPU
		{9DA4C1B7-3948-49DC-8E7C-DC25F8BD8C8B}.Debug|Any CPU.ActiveCfg = Debug|Any CPU
		{9DA4C1B7-3948-49DC-8E7C-DC25F8BD8C8B}.Debug|Any CPU.Build.0 = Debug|Any CPU
		{9DA4C1B7-3948-49DC-8E7C-DC25F8BD8C8B}.Debug|x64.ActiveCfg = Debug|Any CPU
		{9DA4C1B7-3948-49DC-8E7C-DC25F8BD8C8B}.Debug|x64.Build.0 = Debug|Any CPU
		{9DA4C1B7-3948-49DC-8E7C-DC25F8BD8C8B}.Debug|x86.ActiveCfg = Debug|Any CPU
		{9DA4C1B7-3948-49DC-8E7C-DC25F8BD8C8B}.Debug|x86.Build.0 = Debug|Any CPU
		{9DA4C1B7-3948-49DC-8E7C-DC25F8BD8C8B}.Release|Any CPU.ActiveCfg = Release|Any CPU
		{9DA4C1B7-3948-49DC-8E7C-DC25F8BD8C8B}.Release|Any CPU.Build.0 = Release|Any CPU
		{9DA4C1B7-3948-49DC-8E7C-DC25F8BD8C8B}.Release|x64.ActiveCfg = Release|Any CPU
		{9DA4C1B7-3948-49DC-8E7C-DC25F8BD8C8B}.Release|x64.Build.0 = Release|Any CPU
		{9DA4C1B7-3948-49DC-8E7C-DC25F8BD8C8B}.Release|x86.ActiveCfg = Release|Any CPU
		{9DA4C1B7-3948-49DC-8E7C-DC25F8BD8C8B}.Release|x86.Build.0 = Release|Any CPU
		{E157EFD0-F21F-4CAE-84C7-EEC19FFB0AFB}.Debug|Any CPU.ActiveCfg = Debug|Any CPU
		{E157EFD0-F21F-4CAE-84C7-EEC19FFB0AFB}.Debug|Any CPU.Build.0 = Debug|Any CPU
		{E157EFD0-F21F-4CAE-84C7-EEC19FFB0AFB}.Debug|x64.ActiveCfg = Debug|Any CPU
		{E157EFD0-F21F-4CAE-84C7-EEC19FFB0AFB}.Debug|x64.Build.0 = Debug|Any CPU
		{E157EFD0-F21F-4CAE-84C7-EEC19FFB0AFB}.Debug|x86.ActiveCfg = Debug|Any CPU
		{E157EFD0-F21F-4CAE-84C7-EEC19FFB0AFB}.Debug|x86.Build.0 = Debug|Any CPU
		{E157EFD0-F21F-4CAE-84C7-EEC19FFB0AFB}.Release|Any CPU.ActiveCfg = Release|Any CPU
		{E157EFD0-F21F-4CAE-84C7-EEC19FFB0AFB}.Release|Any CPU.Build.0 = Release|Any CPU
		{E157EFD0-F21F-4CAE-84C7-EEC19FFB0AFB}.Release|x64.ActiveCfg = Release|Any CPU
		{E157EFD0-F21F-4CAE-84C7-EEC19FFB0AFB}.Release|x64.Build.0 = Release|Any CPU
		{E157EFD0-F21F-4CAE-84C7-EEC19FFB0AFB}.Release|x86.ActiveCfg = Release|Any CPU
		{E157EFD0-F21F-4CAE-84C7-EEC19FFB0AFB}.Release|x86.Build.0 = Release|Any CPU
		{8CA51287-E292-4A2E-9B22-8D10550E433F}.Debug|Any CPU.ActiveCfg = Debug|Any CPU
		{8CA51287-E292-4A2E-9B22-8D10550E433F}.Debug|Any CPU.Build.0 = Debug|Any CPU
		{8CA51287-E292-4A2E-9B22-8D10550E433F}.Debug|x64.ActiveCfg = Debug|Any CPU
		{8CA51287-E292-4A2E-9B22-8D10550E433F}.Debug|x64.Build.0 = Debug|Any CPU
		{8CA51287-E292-4A2E-9B22-8D10550E433F}.Debug|x86.ActiveCfg = Debug|Any CPU
		{8CA51287-E292-4A2E-9B22-8D10550E433F}.Debug|x86.Build.0 = Debug|Any CPU
		{8CA51287-E292-4A2E-9B22-8D10550E433F}.Release|Any CPU.ActiveCfg = Release|Any CPU
		{8CA51287-E292-4A2E-9B22-8D10550E433F}.Release|Any CPU.Build.0 = Release|Any CPU
		{8CA51287-E292-4A2E-9B22-8D10550E433F}.Release|x64.ActiveCfg = Release|Any CPU
		{8CA51287-E292-4A2E-9B22-8D10550E433F}.Release|x64.Build.0 = Release|Any CPU
		{8CA51287-E292-4A2E-9B22-8D10550E433F}.Release|x86.ActiveCfg = Release|Any CPU
		{8CA51287-E292-4A2E-9B22-8D10550E433F}.Release|x86.Build.0 = Release|Any CPU
		{CC536EB7-BAFD-4CFC-A754-2D1E231C92EE}.Debug|Any CPU.ActiveCfg = Debug|Any CPU
		{CC536EB7-BAFD-4CFC-A754-2D1E231C92EE}.Debug|Any CPU.Build.0 = Debug|Any CPU
		{CC536EB7-BAFD-4CFC-A754-2D1E231C92EE}.Debug|x64.ActiveCfg = Debug|Any CPU
		{CC536EB7-BAFD-4CFC-A754-2D1E231C92EE}.Debug|x64.Build.0 = Debug|Any CPU
		{CC536EB7-BAFD-4CFC-A754-2D1E231C92EE}.Debug|x86.ActiveCfg = Debug|Any CPU
		{CC536EB7-BAFD-4CFC-A754-2D1E231C92EE}.Debug|x86.Build.0 = Debug|Any CPU
		{CC536EB7-BAFD-4CFC-A754-2D1E231C92EE}.Release|Any CPU.ActiveCfg = Release|Any CPU
		{CC536EB7-BAFD-4CFC-A754-2D1E231C92EE}.Release|Any CPU.Build.0 = Release|Any CPU
		{CC536EB7-BAFD-4CFC-A754-2D1E231C92EE}.Release|x64.ActiveCfg = Release|Any CPU
		{CC536EB7-BAFD-4CFC-A754-2D1E231C92EE}.Release|x64.Build.0 = Release|Any CPU
		{CC536EB7-BAFD-4CFC-A754-2D1E231C92EE}.Release|x86.ActiveCfg = Release|Any CPU
		{CC536EB7-BAFD-4CFC-A754-2D1E231C92EE}.Release|x86.Build.0 = Release|Any CPU
	EndGlobalSection
	GlobalSection(SolutionProperties) = preSolution
		HideSolutionNode = FALSE
	EndGlobalSection
	GlobalSection(NestedProjects) = preSolution
		{86A7481D-0C86-46F8-8665-F01F0DDD1406} = {0AB3BF05-4346-4AA6-1389-037BE0695223}
		{5E1A19EA-DABF-4E4F-B5D6-8385296B4ABE} = {0AB3BF05-4346-4AA6-1389-037BE0695223}
		{053F5973-B2F8-4F6C-A8C4-6357FD2CD92A} = {0AB3BF05-4346-4AA6-1389-037BE0695223}
		{3A4CBE28-DA12-4C84-82FD-12F33553DA86} = {0AB3BF05-4346-4AA6-1389-037BE0695223}
		{6736D802-EBAE-4468-90ED-0A05DD3BFF7B} = {0AB3BF05-4346-4AA6-1389-037BE0695223}
		{2674CB3F-3E0C-4C2F-840B-DCE487CB19F9} = {827E0CD3-B72D-47B6-A68D-7590B98EB39B}
		{A4BCFC01-05E6-49C7-9A2B-59A8B7D70F01} = {827E0CD3-B72D-47B6-A68D-7590B98EB39B}
		{18BF94EC-A42E-4461-A4D9-E0DB76A9BB34} = {827E0CD3-B72D-47B6-A68D-7590B98EB39B}
		{572C4057-FEF9-4DD4-9854-0573567F930E} = {827E0CD3-B72D-47B6-A68D-7590B98EB39B}
		{A23150D1-A42C-479E-9EE7-DA7560F6DD6C} = {827E0CD3-B72D-47B6-A68D-7590B98EB39B}
		{D0AED0FA-4D74-4B0F-83F2-9E25813E3906} = {5D20AA90-6969-D8BD-9DCD-8634F4692FDA}
		{1A3A9105-8080-43F9-A4E7-2E5DB38E64DD} = {827E0CD3-B72D-47B6-A68D-7590B98EB39B}
		{59547610-F5B5-48B7-ACD2-4335A338426C} = {0AB3BF05-4346-4AA6-1389-037BE0695223}
		{1FC1918C-0B88-4935-8609-EF2D5D49306D} = {827E0CD3-B72D-47B6-A68D-7590B98EB39B}
		{525329E8-35A3-43CC-BB61-4D882134C515} = {827E0CD3-B72D-47B6-A68D-7590B98EB39B}
		{E0EDA366-D5BE-44D3-9F0A-550F9B40EB64} = {0AB3BF05-4346-4AA6-1389-037BE0695223}
		{4BE07A1A-2222-4F23-9352-F06435C64275} = {0AB3BF05-4346-4AA6-1389-037BE0695223}
		{A96E2BE2-73C7-403F-9AE9-F296C3E79840} = {0AB3BF05-4346-4AA6-1389-037BE0695223}
		{B1A45ED2-6464-4B0D-9A55-6C7603228393} = {827E0CD3-B72D-47B6-A68D-7590B98EB39B}
		{1D62A8C8-4E58-4C93-AB77-71E74BCFB5F2} = {827E0CD3-B72D-47B6-A68D-7590B98EB39B}
		{A0C528BF-7852-4FD6-AE99-81496317A78D} = {0AB3BF05-4346-4AA6-1389-037BE0695223}
		{18FBB523-44A9-43E6-879B-1DC3D79F844D} = {0AB3BF05-4346-4AA6-1389-037BE0695223}
		{90A11201-76C2-4B39-91A1-000000000001} = {827E0CD3-B72D-47B6-A68D-7590B98EB39B}
		{90A21302-76C2-4B39-91A1-000000000002} = {827E0CD3-B72D-47B6-A68D-7590B98EB39B}
		{90A31403-76C2-4B39-91A1-000000000003} = {827E0CD3-B72D-47B6-A68D-7590B98EB39B}
		{90A41504-76C2-4B39-91A1-000000000004} = {0AB3BF05-4346-4AA6-1389-037BE0695223}
		{90A51605-76C2-4B39-91A1-000000000005} = {827E0CD3-B72D-47B6-A68D-7590B98EB39B}
		{90A61706-76C2-4B39-91A1-000000000006} = {827E0CD3-B72D-47B6-A68D-7590B98EB39B}
		{90A71807-76C2-4B39-91A1-000000000007} = {0AB3BF05-4346-4AA6-1389-037BE0695223}
		{90A81908-76C2-4B39-91A1-000000000008} = {827E0CD3-B72D-47B6-A68D-7590B98EB39B}
		{90A92009-76C2-4B39-91A1-000000000009} = {827E0CD3-B72D-47B6-A68D-7590B98EB39B}
		{90AB210A-76C2-4B39-91A1-000000000010} = {0AB3BF05-4346-4AA6-1389-037BE0695223}
		{90AC220B-76C2-4B39-91A1-000000000011} = {0AB3BF05-4346-4AA6-1389-037BE0695223}
		{90AD230C-76C2-4B39-91A1-000000000012} = {827E0CD3-B72D-47B6-A68D-7590B98EB39B}
		{90AE240D-76C2-4B39-91A1-000000000013} = {827E0CD3-B72D-47B6-A68D-7590B98EB39B}
		{90AF250E-76C2-4B39-91A1-000000000014} = {0AB3BF05-4346-4AA6-1389-037BE0695223}
		{90B0260F-76C2-4B39-91A1-000000000015} = {0AB3BF05-4346-4AA6-1389-037BE0695223}
		{90B12710-76C2-4B39-91A1-000000000016} = {5D20AA90-6969-D8BD-9DCD-8634F4692FDA}
		{63CC6246-4CB4-488B-BA93-1634FE1B98FD} = {827E0CD3-B72D-47B6-A68D-7590B98EB39B}
		{A65E6443-84EF-4D0E-8AD3-045C645DEC3E} = {0AB3BF05-4346-4AA6-1389-037BE0695223}
		{A9F879AC-8369-4CF8-988F-867E49874F06} = {827E0CD3-B72D-47B6-A68D-7590B98EB39B}
		{D1EA9EFA-142A-4CC0-A604-49335BB8F1F8} = {827E0CD3-B72D-47B6-A68D-7590B98EB39B}
		{5D78214F-2949-4703-846D-A051849319E7} = {827E0CD3-B72D-47B6-A68D-7590B98EB39B}
		{336C3699-24E6-4A4C-8DC7-AEE1C3732119} = {0AB3BF05-4346-4AA6-1389-037BE0695223}
		{753F693E-8473-4B86-971E-BCBD2990652B} = {5D20AA90-6969-D8BD-9DCD-8634F4692FDA}
		{B46A0AC1-8FF4-4100-8E39-21FCDE989C72} = {827E0CD3-B72D-47B6-A68D-7590B98EB39B}
		{9DA4C1B7-3948-49DC-8E7C-DC25F8BD8C8B} = {5D20AA90-6969-D8BD-9DCD-8634F4692FDA}
		{E157EFD0-F21F-4CAE-84C7-EEC19FFB0AFB} = {5D20AA90-6969-D8BD-9DCD-8634F4692FDA}
		{8CA51287-E292-4A2E-9B22-8D10550E433F} = {0AB3BF05-4346-4AA6-1389-037BE0695223}
		{CC536EB7-BAFD-4CFC-A754-2D1E231C92EE} = {0AB3BF05-4346-4AA6-1389-037BE0695223}
	EndGlobalSection
EndGlobal
